// !$*UTF8*$!
{
	archiveVersion = 1;
	classes = {
	};
	objectVersion = 56;
	objects = {

/* Begin PBXBuildFile section */
		769E5F03DBE2FAD8DDB23F1A /* Pods_TestCase.framework in Frameworks */ = {isa = PBXBuildFile; fileRef = 2BE9D8CE5822586679E58517 /* Pods_TestCase.framework */; };
		C1052D3829ECDF70003FDFB7 /* RegisterViewModel.swift in Sources */ = {isa = PBXBuildFile; fileRef = C1052D2629ECDF70003FDFB7 /* RegisterViewModel.swift */; };
		C1052D3929ECDF70003FDFB7 /* RegisterView+Layouts.swift in Sources */ = {isa = PBXBuildFile; fileRef = C1052D2929ECDF70003FDFB7 /* RegisterView+Layouts.swift */; };
		C1052D3A29ECDF70003FDFB7 /* RegisterView.swift in Sources */ = {isa = PBXBuildFile; fileRef = C1052D2A29ECDF70003FDFB7 /* RegisterView.swift */; };
		C1052D3B29ECDF70003FDFB7 /* RegisterViewModelDelegate.swift in Sources */ = {isa = PBXBuildFile; fileRef = C1052D2D29ECDF70003FDFB7 /* RegisterViewModelDelegate.swift */; };
		C1052D3C29ECDF70003FDFB7 /* RegisterNavigationDelegate.swift in Sources */ = {isa = PBXBuildFile; fileRef = C1052D2F29ECDF70003FDFB7 /* RegisterNavigationDelegate.swift */; };
		C1052D3D29ECDF70003FDFB7 /* RegisterViewDelegate.swift in Sources */ = {isa = PBXBuildFile; fileRef = C1052D3129ECDF70003FDFB7 /* RegisterViewDelegate.swift */; };
		C1052D3E29ECDF70003FDFB7 /* RegisterViewController+UIStateView.swift in Sources */ = {isa = PBXBuildFile; fileRef = C1052D3429ECDF70003FDFB7 /* RegisterViewController+UIStateView.swift */; };
		C1052D3F29ECDF70003FDFB7 /* RegisterViewController+Binds.swift in Sources */ = {isa = PBXBuildFile; fileRef = C1052D3629ECDF70003FDFB7 /* RegisterViewController+Binds.swift */; };
		C1052D4029ECDF70003FDFB7 /* RegisterViewController.swift in Sources */ = {isa = PBXBuildFile; fileRef = C1052D3729ECDF70003FDFB7 /* RegisterViewController.swift */; };
		C1052D4329ECDF97003FDFB7 /* RegisterUseCase.swift in Sources */ = {isa = PBXBuildFile; fileRef = C1052D4229ECDF97003FDFB7 /* RegisterUseCase.swift */; };
		C1052D4629ECDFAF003FDFB7 /* RegisterUseCaseDTO.swift in Sources */ = {isa = PBXBuildFile; fileRef = C1052D4529ECDFAF003FDFB7 /* RegisterUseCaseDTO.swift */; };
		C1052D4829ECDFDB003FDFB7 /* RegisterUseCaseDelegate.swift in Sources */ = {isa = PBXBuildFile; fileRef = C1052D4729ECDFDB003FDFB7 /* RegisterUseCaseDelegate.swift */; };
		C1052D4A29ECE018003FDFB7 /* RegisterResult.swift in Sources */ = {isa = PBXBuildFile; fileRef = C1052D4929ECE018003FDFB7 /* RegisterResult.swift */; };
		C1052D4C29ED69C4003FDFB7 /* AppError.swift in Sources */ = {isa = PBXBuildFile; fileRef = C1052D4B29ED69C4003FDFB7 /* AppError.swift */; };
		C1052D5029ED6EE0003FDFB7 /* RegisterRepositoryDelegate.swift in Sources */ = {isa = PBXBuildFile; fileRef = C1052D4F29ED6EE0003FDFB7 /* RegisterRepositoryDelegate.swift */; };
		C1052D5629ED7761003FDFB7 /* Constans.swift in Sources */ = {isa = PBXBuildFile; fileRef = C1052D5529ED7761003FDFB7 /* Constans.swift */; };
		C1052D5929ED7994003FDFB7 /* AppCoordinator+Register.swift in Sources */ = {isa = PBXBuildFile; fileRef = C1052D5829ED7994003FDFB7 /* AppCoordinator+Register.swift */; };
		C1052D5C29ED7C09003FDFB7 /* RegisterView+TextFieldDelegate.swift in Sources */ = {isa = PBXBuildFile; fileRef = C1052D5B29ED7C09003FDFB7 /* RegisterView+TextFieldDelegate.swift */; };
		C17C7A7729ED857200775A81 /* MainViewModel.swift in Sources */ = {isa = PBXBuildFile; fileRef = C17C7A6529ED857200775A81 /* MainViewModel.swift */; };
		C17C7A7829ED857200775A81 /* MainView+Layouts.swift in Sources */ = {isa = PBXBuildFile; fileRef = C17C7A6829ED857200775A81 /* MainView+Layouts.swift */; };
		C17C7A7929ED857200775A81 /* MainView.swift in Sources */ = {isa = PBXBuildFile; fileRef = C17C7A6929ED857200775A81 /* MainView.swift */; };
		C17C7A7A29ED857200775A81 /* MainViewModelDelegate.swift in Sources */ = {isa = PBXBuildFile; fileRef = C17C7A6C29ED857200775A81 /* MainViewModelDelegate.swift */; };
		C17C7A7B29ED857200775A81 /* MainNavigationDelegate.swift in Sources */ = {isa = PBXBuildFile; fileRef = C17C7A6E29ED857200775A81 /* MainNavigationDelegate.swift */; };
		C17C7A7C29ED857200775A81 /* MainViewDelegate.swift in Sources */ = {isa = PBXBuildFile; fileRef = C17C7A7029ED857200775A81 /* MainViewDelegate.swift */; };
		C17C7A7D29ED857200775A81 /* MainViewController.swift in Sources */ = {isa = PBXBuildFile; fileRef = C17C7A7229ED857200775A81 /* MainViewController.swift */; };
		C17C7A7E29ED857200775A81 /* MainViewController+UIStateView.swift in Sources */ = {isa = PBXBuildFile; fileRef = C17C7A7429ED857200775A81 /* MainViewController+UIStateView.swift */; };
		C17C7A7F29ED857200775A81 /* MainViewController+Binds.swift in Sources */ = {isa = PBXBuildFile; fileRef = C17C7A7629ED857200775A81 /* MainViewController+Binds.swift */; };
		C17C7A8429ED86C100775A81 /* Workout.swift in Sources */ = {isa = PBXBuildFile; fileRef = C17C7A8329ED86C100775A81 /* Workout.swift */; };
		C17C7A8629ED88B600775A81 /* Exercise.swift in Sources */ = {isa = PBXBuildFile; fileRef = C17C7A8529ED88B600775A81 /* Exercise.swift */; };
		C17C7A8829ED8DC800775A81 /* WorkoutsUseCaseDelegate.swift in Sources */ = {isa = PBXBuildFile; fileRef = C17C7A8729ED8DC800775A81 /* WorkoutsUseCaseDelegate.swift */; };
		C17C7A8A29ED8DFB00775A81 /* WorkoutsUseCaseDTO.swift in Sources */ = {isa = PBXBuildFile; fileRef = C17C7A8929ED8DFB00775A81 /* WorkoutsUseCaseDTO.swift */; };
		C17C7A8C29ED8EBB00775A81 /* WorkoutsUseCase.swift in Sources */ = {isa = PBXBuildFile; fileRef = C17C7A8B29ED8EBB00775A81 /* WorkoutsUseCase.swift */; };
		C17C7A8F29ED8F0900775A81 /* WorkoutsRepositoryDelegate.swift in Sources */ = {isa = PBXBuildFile; fileRef = C17C7A8E29ED8F0900775A81 /* WorkoutsRepositoryDelegate.swift */; };
		C17C7A9229ED900400775A81 /* DictionaryExtensions.swift in Sources */ = {isa = PBXBuildFile; fileRef = C17C7A9129ED900400775A81 /* DictionaryExtensions.swift */; };
		C17C7A9529ED902700775A81 /* DataExtensions.swift in Sources */ = {isa = PBXBuildFile; fileRef = C17C7A9429ED902700775A81 /* DataExtensions.swift */; };
		C17C7A9829ED904F00775A81 /* EncodableExtensions.swift in Sources */ = {isa = PBXBuildFile; fileRef = C17C7A9729ED904F00775A81 /* EncodableExtensions.swift */; };
		C17C7A9A29ED919100775A81 /* swiftlint.yaml in Resources */ = {isa = PBXBuildFile; fileRef = C17C7A9929ED919100775A81 /* swiftlint.yaml */; };
		C17C7A9C29ED94A000775A81 /* WorkoutsFirestoreRepository.swift in Sources */ = {isa = PBXBuildFile; fileRef = C17C7A9B29ED94A000775A81 /* WorkoutsFirestoreRepository.swift */; };
		C17C7A9F29ED987000775A81 /* ArrayExtensions.swift in Sources */ = {isa = PBXBuildFile; fileRef = C17C7A9E29ED987000775A81 /* ArrayExtensions.swift */; };
		C17C7AA229EDB39D00775A81 /* MainViewController+CollectionDataSource.swift in Sources */ = {isa = PBXBuildFile; fileRef = C17C7AA129EDB39D00775A81 /* MainViewController+CollectionDataSource.swift */; };
		C17C7AA529EDB3C100775A81 /* MainViewController+CollectionDelegate.swift in Sources */ = {isa = PBXBuildFile; fileRef = C17C7AA429EDB3C100775A81 /* MainViewController+CollectionDelegate.swift */; };
		C17C7AA829EDB4D900775A81 /* CollectionViewExtensions.swift in Sources */ = {isa = PBXBuildFile; fileRef = C17C7AA729EDB4D900775A81 /* CollectionViewExtensions.swift */; };
		C17C7AAD29EDB6B800775A81 /* WorkoutCollectionViewCell.swift in Sources */ = {isa = PBXBuildFile; fileRef = C17C7AAC29EDB6B800775A81 /* WorkoutCollectionViewCell.swift */; };
		C17C7AB029EDB72C00775A81 /* WorkoutCellDelegate.swift in Sources */ = {isa = PBXBuildFile; fileRef = C17C7AAF29EDB72C00775A81 /* WorkoutCellDelegate.swift */; };
		C17C7AB329EDB79E00775A81 /* WorkoutCollectionViewCell+Layouts.swift in Sources */ = {isa = PBXBuildFile; fileRef = C17C7AB229EDB79E00775A81 /* WorkoutCollectionViewCell+Layouts.swift */; };
		C17C7AB629EDB85200775A81 /* Label.swift in Sources */ = {isa = PBXBuildFile; fileRef = C17C7AB529EDB85200775A81 /* Label.swift */; };
		C17C7AB929EE0A3000775A81 /* DeleteWorkoutUseCaseDelegate.swift in Sources */ = {isa = PBXBuildFile; fileRef = C17C7AB829EE0A3000775A81 /* DeleteWorkoutUseCaseDelegate.swift */; };
		C17C7ABB29EE0A4F00775A81 /* DeleteWorkoutUseCaseDTO.swift in Sources */ = {isa = PBXBuildFile; fileRef = C17C7ABA29EE0A4F00775A81 /* DeleteWorkoutUseCaseDTO.swift */; };
		C17C7ABD29EE0AFE00775A81 /* DeleteWorkoutUseCase.swift in Sources */ = {isa = PBXBuildFile; fileRef = C17C7ABC29EE0AFE00775A81 /* DeleteWorkoutUseCase.swift */; };
		C1E579C829EB5FED00A6FEE7 /* Podfile in Resources */ = {isa = PBXBuildFile; fileRef = C1E579C729EB5FED00A6FEE7 /* Podfile */; };
		C1E579CC29EC4A4800A6FEE7 /* GoogleService-Info.plist in Resources */ = {isa = PBXBuildFile; fileRef = C1E579CB29EC4A4800A6FEE7 /* GoogleService-Info.plist */; };
		C1E579CF29EC5AD000A6FEE7 /* TextField.swift in Sources */ = {isa = PBXBuildFile; fileRef = C1E579CE29EC5AD000A6FEE7 /* TextField.swift */; };
		C1E579D629EC76F800A6FEE7 /* Button.swift in Sources */ = {isa = PBXBuildFile; fileRef = C1E579D529EC76F700A6FEE7 /* Button.swift */; };
		C1E579D929EC7BA200A6FEE7 /* LoginView+TextField.swift in Sources */ = {isa = PBXBuildFile; fileRef = C1E579D829EC7BA200A6FEE7 /* LoginView+TextField.swift */; };
		C1E579DF29ECABD300A6FEE7 /* AppleAuthenticationUseCase.swift in Sources */ = {isa = PBXBuildFile; fileRef = C1E579DE29ECABD300A6FEE7 /* AppleAuthenticationUseCase.swift */; };
		C1E579E329ECAC0800A6FEE7 /* AppleAuthenticationUseCaseDelegate.swift in Sources */ = {isa = PBXBuildFile; fileRef = C1E579E229ECAC0800A6FEE7 /* AppleAuthenticationUseCaseDelegate.swift */; };
		C1E579EB29ECAD3900A6FEE7 /* EmailAuthenticationUseCase.swift in Sources */ = {isa = PBXBuildFile; fileRef = C1E579EA29ECAD3900A6FEE7 /* EmailAuthenticationUseCase.swift */; };
		C1E579ED29ECAD4600A6FEE7 /* EmailAuthenticationUseCaseDelegate.swift in Sources */ = {isa = PBXBuildFile; fileRef = C1E579EC29ECAD4600A6FEE7 /* EmailAuthenticationUseCaseDelegate.swift */; };
		C1E579F229ECAFB300A6FEE7 /* LoginAuthenticationUseCase.swift in Sources */ = {isa = PBXBuildFile; fileRef = C1E579F129ECAFB300A6FEE7 /* LoginAuthenticationUseCase.swift */; };
		C1E579F429ECAFD200A6FEE7 /* LoginAuthenticationUseCaseDelegate.swift in Sources */ = {isa = PBXBuildFile; fileRef = C1E579F329ECAFD200A6FEE7 /* LoginAuthenticationUseCaseDelegate.swift */; };
		C1E579F729ECB05C00A6FEE7 /* LoginTypeEnum.swift in Sources */ = {isa = PBXBuildFile; fileRef = C1E579F629ECB05C00A6FEE7 /* LoginTypeEnum.swift */; };
		C1E579FA29ECB09C00A6FEE7 /* AppleAuthenticationUseCaseDTO.swift in Sources */ = {isa = PBXBuildFile; fileRef = C1E579F929ECB09C00A6FEE7 /* AppleAuthenticationUseCaseDTO.swift */; };
		C1E579FC29ECB0AD00A6FEE7 /* LoginAuthenticationUseCaseDTO.swift in Sources */ = {isa = PBXBuildFile; fileRef = C1E579FB29ECB0AD00A6FEE7 /* LoginAuthenticationUseCaseDTO.swift */; };
		C1E579FE29ECB7B700A6FEE7 /* EmailAuthenticationUseCaseDTO.swift in Sources */ = {isa = PBXBuildFile; fileRef = C1E579FD29ECB7B700A6FEE7 /* EmailAuthenticationUseCaseDTO.swift */; };
		C1E57A0429ECBD0C00A6FEE7 /* User.swift in Sources */ = {isa = PBXBuildFile; fileRef = C1E57A0329ECBD0C00A6FEE7 /* User.swift */; };
		C1E57A0629ECBD7A00A6FEE7 /* LoginResult.swift in Sources */ = {isa = PBXBuildFile; fileRef = C1E57A0529ECBD7A00A6FEE7 /* LoginResult.swift */; };
		C1E57A0A29ECC59700A6FEE7 /* FirebaseAuthRepository.swift in Sources */ = {isa = PBXBuildFile; fileRef = C1E57A0929ECC59700A6FEE7 /* FirebaseAuthRepository.swift */; };
		C1E57A0C29ECC5AE00A6FEE7 /* EmailRepositoryDelegate.swift in Sources */ = {isa = PBXBuildFile; fileRef = C1E57A0B29ECC5AE00A6FEE7 /* EmailRepositoryDelegate.swift */; };
		C1E57A1029ECCAD200A6FEE7 /* UIViewExtension.swift in Sources */ = {isa = PBXBuildFile; fileRef = C1E57A0F29ECCAD200A6FEE7 /* UIViewExtension.swift */; };
		C1E57A1329ECD6B100A6FEE7 /* LoginViewController+AppleAuthentication.swift in Sources */ = {isa = PBXBuildFile; fileRef = C1E57A1229ECD6B100A6FEE7 /* LoginViewController+AppleAuthentication.swift */; };
		C1FE7D6529EB30B80069ED29 /* AppDelegate.swift in Sources */ = {isa = PBXBuildFile; fileRef = C1FE7D6429EB30B80069ED29 /* AppDelegate.swift */; };
		C1FE7D6729EB30B80069ED29 /* SceneDelegate.swift in Sources */ = {isa = PBXBuildFile; fileRef = C1FE7D6629EB30B80069ED29 /* SceneDelegate.swift */; };
		C1FE7D6F29EB30B80069ED29 /* TestCase.xcdatamodeld in Sources */ = {isa = PBXBuildFile; fileRef = C1FE7D6D29EB30B80069ED29 /* TestCase.xcdatamodeld */; };
		C1FE7D7129EB30BA0069ED29 /* Assets.xcassets in Resources */ = {isa = PBXBuildFile; fileRef = C1FE7D7029EB30BA0069ED29 /* Assets.xcassets */; };
		C1FE7D7429EB30BA0069ED29 /* LaunchScreen.storyboard in Resources */ = {isa = PBXBuildFile; fileRef = C1FE7D7229EB30BA0069ED29 /* LaunchScreen.storyboard */; };
		C1FE7D7E29EB32220069ED29 /* AppCoordinator.swift in Sources */ = {isa = PBXBuildFile; fileRef = C1FE7D7D29EB32220069ED29 /* AppCoordinator.swift */; };
		C1FE7D9B29EB33A70069ED29 /* LoginViewModel.swift in Sources */ = {isa = PBXBuildFile; fileRef = C1FE7D8929EB33A70069ED29 /* LoginViewModel.swift */; };
		C1FE7D9C29EB33A70069ED29 /* LoginView.swift in Sources */ = {isa = PBXBuildFile; fileRef = C1FE7D8B29EB33A70069ED29 /* LoginView.swift */; };
		C1FE7D9D29EB33A70069ED29 /* LoginView+Layouts.swift in Sources */ = {isa = PBXBuildFile; fileRef = C1FE7D8D29EB33A70069ED29 /* LoginView+Layouts.swift */; };
		C1FE7D9E29EB33A70069ED29 /* LoginViewModelDelegate.swift in Sources */ = {isa = PBXBuildFile; fileRef = C1FE7D9029EB33A70069ED29 /* LoginViewModelDelegate.swift */; };
		C1FE7D9F29EB33A70069ED29 /* LoginNavigationDelegate.swift in Sources */ = {isa = PBXBuildFile; fileRef = C1FE7D9229EB33A70069ED29 /* LoginNavigationDelegate.swift */; };
		C1FE7DA029EB33A70069ED29 /* LoginViewDelegate.swift in Sources */ = {isa = PBXBuildFile; fileRef = C1FE7D9429EB33A70069ED29 /* LoginViewDelegate.swift */; };
		C1FE7DA129EB33A70069ED29 /* LoginViewController.swift in Sources */ = {isa = PBXBuildFile; fileRef = C1FE7D9629EB33A70069ED29 /* LoginViewController.swift */; };
		C1FE7DA229EB33A70069ED29 /* LoginViewController+UIStateView.swift in Sources */ = {isa = PBXBuildFile; fileRef = C1FE7D9829EB33A70069ED29 /* LoginViewController+UIStateView.swift */; };
		C1FE7DA329EB33A70069ED29 /* LoginViewController+Binds.swift in Sources */ = {isa = PBXBuildFile; fileRef = C1FE7D9A29EB33A70069ED29 /* LoginViewController+Binds.swift */; };
		C1FE7DAA29EB34190069ED29 /* CustomViewController.swift in Sources */ = {isa = PBXBuildFile; fileRef = C1FE7DA929EB34190069ED29 /* CustomViewController.swift */; };
		C1FE7DAD29EB34A80069ED29 /* UIStateView.swift in Sources */ = {isa = PBXBuildFile; fileRef = C1FE7DAC29EB34A80069ED29 /* UIStateView.swift */; };
		C1FE7DB029EB35F70069ED29 /* Binder.swift in Sources */ = {isa = PBXBuildFile; fileRef = C1FE7DAF29EB35F70069ED29 /* Binder.swift */; };
		C1FE7DB329EB3BE60069ED29 /* AppCoordinator+Login.swift in Sources */ = {isa = PBXBuildFile; fileRef = C1FE7DB229EB3BE60069ED29 /* AppCoordinator+Login.swift */; };
		C1FE7DB629EB3C430069ED29 /* AppCoordinator+Main.swift in Sources */ = {isa = PBXBuildFile; fileRef = C1FE7DB529EB3C430069ED29 /* AppCoordinator+Main.swift */; };
		C1FE7DB929EB55400069ED29 /* Colors.swift in Sources */ = {isa = PBXBuildFile; fileRef = C1FE7DB829EB55400069ED29 /* Colors.swift */; };
/* End PBXBuildFile section */

/* Begin PBXFileReference section */
		2BE9D8CE5822586679E58517 /* Pods_TestCase.framework */ = {isa = PBXFileReference; explicitFileType = wrapper.framework; includeInIndex = 0; path = Pods_TestCase.framework; sourceTree = BUILT_PRODUCTS_DIR; };
		A619F51F1BD9CE5E7783E4C4 /* Pods-TestCase.release.xcconfig */ = {isa = PBXFileReference; includeInIndex = 1; lastKnownFileType = text.xcconfig; name = "Pods-TestCase.release.xcconfig"; path = "Target Support Files/Pods-TestCase/Pods-TestCase.release.xcconfig"; sourceTree = "<group>"; };
		C1052D2629ECDF70003FDFB7 /* RegisterViewModel.swift */ = {isa = PBXFileReference; fileEncoding = 4; lastKnownFileType = sourcecode.swift; path = RegisterViewModel.swift; sourceTree = "<group>"; };
		C1052D2929ECDF70003FDFB7 /* RegisterView+Layouts.swift */ = {isa = PBXFileReference; fileEncoding = 4; lastKnownFileType = sourcecode.swift; path = "RegisterView+Layouts.swift"; sourceTree = "<group>"; };
		C1052D2A29ECDF70003FDFB7 /* RegisterView.swift */ = {isa = PBXFileReference; fileEncoding = 4; lastKnownFileType = sourcecode.swift; path = RegisterView.swift; sourceTree = "<group>"; };
		C1052D2D29ECDF70003FDFB7 /* RegisterViewModelDelegate.swift */ = {isa = PBXFileReference; fileEncoding = 4; lastKnownFileType = sourcecode.swift; path = RegisterViewModelDelegate.swift; sourceTree = "<group>"; };
		C1052D2F29ECDF70003FDFB7 /* RegisterNavigationDelegate.swift */ = {isa = PBXFileReference; fileEncoding = 4; lastKnownFileType = sourcecode.swift; path = RegisterNavigationDelegate.swift; sourceTree = "<group>"; };
		C1052D3129ECDF70003FDFB7 /* RegisterViewDelegate.swift */ = {isa = PBXFileReference; fileEncoding = 4; lastKnownFileType = sourcecode.swift; path = RegisterViewDelegate.swift; sourceTree = "<group>"; };
		C1052D3429ECDF70003FDFB7 /* RegisterViewController+UIStateView.swift */ = {isa = PBXFileReference; fileEncoding = 4; lastKnownFileType = sourcecode.swift; path = "RegisterViewController+UIStateView.swift"; sourceTree = "<group>"; };
		C1052D3629ECDF70003FDFB7 /* RegisterViewController+Binds.swift */ = {isa = PBXFileReference; fileEncoding = 4; lastKnownFileType = sourcecode.swift; path = "RegisterViewController+Binds.swift"; sourceTree = "<group>"; };
		C1052D3729ECDF70003FDFB7 /* RegisterViewController.swift */ = {isa = PBXFileReference; fileEncoding = 4; lastKnownFileType = sourcecode.swift; path = RegisterViewController.swift; sourceTree = "<group>"; };
		C1052D4229ECDF97003FDFB7 /* RegisterUseCase.swift */ = {isa = PBXFileReference; lastKnownFileType = sourcecode.swift; path = RegisterUseCase.swift; sourceTree = "<group>"; };
		C1052D4529ECDFAF003FDFB7 /* RegisterUseCaseDTO.swift */ = {isa = PBXFileReference; lastKnownFileType = sourcecode.swift; path = RegisterUseCaseDTO.swift; sourceTree = "<group>"; };
		C1052D4729ECDFDB003FDFB7 /* RegisterUseCaseDelegate.swift */ = {isa = PBXFileReference; lastKnownFileType = sourcecode.swift; path = RegisterUseCaseDelegate.swift; sourceTree = "<group>"; };
		C1052D4929ECE018003FDFB7 /* RegisterResult.swift */ = {isa = PBXFileReference; lastKnownFileType = sourcecode.swift; path = RegisterResult.swift; sourceTree = "<group>"; };
		C1052D4B29ED69C4003FDFB7 /* AppError.swift */ = {isa = PBXFileReference; lastKnownFileType = sourcecode.swift; path = AppError.swift; sourceTree = "<group>"; };
		C1052D4F29ED6EE0003FDFB7 /* RegisterRepositoryDelegate.swift */ = {isa = PBXFileReference; lastKnownFileType = sourcecode.swift; path = RegisterRepositoryDelegate.swift; sourceTree = "<group>"; };
		C1052D5529ED7761003FDFB7 /* Constans.swift */ = {isa = PBXFileReference; fileEncoding = 4; lastKnownFileType = sourcecode.swift; path = Constans.swift; sourceTree = "<group>"; };
		C1052D5829ED7994003FDFB7 /* AppCoordinator+Register.swift */ = {isa = PBXFileReference; lastKnownFileType = sourcecode.swift; path = "AppCoordinator+Register.swift"; sourceTree = "<group>"; };
		C1052D5B29ED7C09003FDFB7 /* RegisterView+TextFieldDelegate.swift */ = {isa = PBXFileReference; lastKnownFileType = sourcecode.swift; path = "RegisterView+TextFieldDelegate.swift"; sourceTree = "<group>"; };
		C17C7A6529ED857200775A81 /* MainViewModel.swift */ = {isa = PBXFileReference; fileEncoding = 4; lastKnownFileType = sourcecode.swift; path = MainViewModel.swift; sourceTree = "<group>"; };
		C17C7A6829ED857200775A81 /* MainView+Layouts.swift */ = {isa = PBXFileReference; fileEncoding = 4; lastKnownFileType = sourcecode.swift; path = "MainView+Layouts.swift"; sourceTree = "<group>"; };
		C17C7A6929ED857200775A81 /* MainView.swift */ = {isa = PBXFileReference; fileEncoding = 4; lastKnownFileType = sourcecode.swift; path = MainView.swift; sourceTree = "<group>"; };
		C17C7A6C29ED857200775A81 /* MainViewModelDelegate.swift */ = {isa = PBXFileReference; fileEncoding = 4; lastKnownFileType = sourcecode.swift; path = MainViewModelDelegate.swift; sourceTree = "<group>"; };
		C17C7A6E29ED857200775A81 /* MainNavigationDelegate.swift */ = {isa = PBXFileReference; fileEncoding = 4; lastKnownFileType = sourcecode.swift; path = MainNavigationDelegate.swift; sourceTree = "<group>"; };
		C17C7A7029ED857200775A81 /* MainViewDelegate.swift */ = {isa = PBXFileReference; fileEncoding = 4; lastKnownFileType = sourcecode.swift; path = MainViewDelegate.swift; sourceTree = "<group>"; };
		C17C7A7229ED857200775A81 /* MainViewController.swift */ = {isa = PBXFileReference; fileEncoding = 4; lastKnownFileType = sourcecode.swift; path = MainViewController.swift; sourceTree = "<group>"; };
		C17C7A7429ED857200775A81 /* MainViewController+UIStateView.swift */ = {isa = PBXFileReference; fileEncoding = 4; lastKnownFileType = sourcecode.swift; path = "MainViewController+UIStateView.swift"; sourceTree = "<group>"; };
		C17C7A7629ED857200775A81 /* MainViewController+Binds.swift */ = {isa = PBXFileReference; fileEncoding = 4; lastKnownFileType = sourcecode.swift; path = "MainViewController+Binds.swift"; sourceTree = "<group>"; };
		C17C7A8329ED86C100775A81 /* Workout.swift */ = {isa = PBXFileReference; lastKnownFileType = sourcecode.swift; path = Workout.swift; sourceTree = "<group>"; };
		C17C7A8529ED88B600775A81 /* Exercise.swift */ = {isa = PBXFileReference; lastKnownFileType = sourcecode.swift; path = Exercise.swift; sourceTree = "<group>"; };
		C17C7A8729ED8DC800775A81 /* WorkoutsUseCaseDelegate.swift */ = {isa = PBXFileReference; lastKnownFileType = sourcecode.swift; path = WorkoutsUseCaseDelegate.swift; sourceTree = "<group>"; };
		C17C7A8929ED8DFB00775A81 /* WorkoutsUseCaseDTO.swift */ = {isa = PBXFileReference; lastKnownFileType = sourcecode.swift; path = WorkoutsUseCaseDTO.swift; sourceTree = "<group>"; };
		C17C7A8B29ED8EBB00775A81 /* WorkoutsUseCase.swift */ = {isa = PBXFileReference; lastKnownFileType = sourcecode.swift; path = WorkoutsUseCase.swift; sourceTree = "<group>"; };
		C17C7A8E29ED8F0900775A81 /* WorkoutsRepositoryDelegate.swift */ = {isa = PBXFileReference; lastKnownFileType = sourcecode.swift; path = WorkoutsRepositoryDelegate.swift; sourceTree = "<group>"; };
		C17C7A9129ED900400775A81 /* DictionaryExtensions.swift */ = {isa = PBXFileReference; lastKnownFileType = sourcecode.swift; path = DictionaryExtensions.swift; sourceTree = "<group>"; };
		C17C7A9429ED902700775A81 /* DataExtensions.swift */ = {isa = PBXFileReference; lastKnownFileType = sourcecode.swift; path = DataExtensions.swift; sourceTree = "<group>"; };
		C17C7A9729ED904F00775A81 /* EncodableExtensions.swift */ = {isa = PBXFileReference; lastKnownFileType = sourcecode.swift; path = EncodableExtensions.swift; sourceTree = "<group>"; };
		C17C7A9929ED919100775A81 /* swiftlint.yaml */ = {isa = PBXFileReference; fileEncoding = 4; lastKnownFileType = text.yaml; path = swiftlint.yaml; sourceTree = "<group>"; xcLanguageSpecificationIdentifier = xcode.lang.yaml; };
		C17C7A9B29ED94A000775A81 /* WorkoutsFirestoreRepository.swift */ = {isa = PBXFileReference; lastKnownFileType = sourcecode.swift; path = WorkoutsFirestoreRepository.swift; sourceTree = "<group>"; };
		C17C7A9E29ED987000775A81 /* ArrayExtensions.swift */ = {isa = PBXFileReference; lastKnownFileType = sourcecode.swift; path = ArrayExtensions.swift; sourceTree = "<group>"; };
		C17C7AA129EDB39D00775A81 /* MainViewController+CollectionDataSource.swift */ = {isa = PBXFileReference; lastKnownFileType = sourcecode.swift; path = "MainViewController+CollectionDataSource.swift"; sourceTree = "<group>"; };
		C17C7AA429EDB3C100775A81 /* MainViewController+CollectionDelegate.swift */ = {isa = PBXFileReference; lastKnownFileType = sourcecode.swift; path = "MainViewController+CollectionDelegate.swift"; sourceTree = "<group>"; };
		C17C7AA729EDB4D900775A81 /* CollectionViewExtensions.swift */ = {isa = PBXFileReference; lastKnownFileType = sourcecode.swift; path = CollectionViewExtensions.swift; sourceTree = "<group>"; };
		C17C7AAC29EDB6B800775A81 /* WorkoutCollectionViewCell.swift */ = {isa = PBXFileReference; lastKnownFileType = sourcecode.swift; path = WorkoutCollectionViewCell.swift; sourceTree = "<group>"; };
		C17C7AAF29EDB72C00775A81 /* WorkoutCellDelegate.swift */ = {isa = PBXFileReference; lastKnownFileType = sourcecode.swift; path = WorkoutCellDelegate.swift; sourceTree = "<group>"; };
		C17C7AB229EDB79E00775A81 /* WorkoutCollectionViewCell+Layouts.swift */ = {isa = PBXFileReference; lastKnownFileType = sourcecode.swift; path = "WorkoutCollectionViewCell+Layouts.swift"; sourceTree = "<group>"; };
		C17C7AB529EDB85200775A81 /* Label.swift */ = {isa = PBXFileReference; lastKnownFileType = sourcecode.swift; path = Label.swift; sourceTree = "<group>"; };
		C17C7AB829EE0A3000775A81 /* DeleteWorkoutUseCaseDelegate.swift */ = {isa = PBXFileReference; lastKnownFileType = sourcecode.swift; path = DeleteWorkoutUseCaseDelegate.swift; sourceTree = "<group>"; };
		C17C7ABA29EE0A4F00775A81 /* DeleteWorkoutUseCaseDTO.swift */ = {isa = PBXFileReference; lastKnownFileType = sourcecode.swift; path = DeleteWorkoutUseCaseDTO.swift; sourceTree = "<group>"; };
		C17C7ABC29EE0AFE00775A81 /* DeleteWorkoutUseCase.swift */ = {isa = PBXFileReference; lastKnownFileType = sourcecode.swift; path = DeleteWorkoutUseCase.swift; sourceTree = "<group>"; };
		C1E579C729EB5FED00A6FEE7 /* Podfile */ = {isa = PBXFileReference; fileEncoding = 4; lastKnownFileType = text; path = Podfile; sourceTree = "<group>"; xcLanguageSpecificationIdentifier = xcode.lang.ruby; };
		C1E579CA29EB7CFE00A6FEE7 /* TestCase.entitlements */ = {isa = PBXFileReference; lastKnownFileType = text.plist.entitlements; path = TestCase.entitlements; sourceTree = "<group>"; };
		C1E579CB29EC4A4800A6FEE7 /* GoogleService-Info.plist */ = {isa = PBXFileReference; fileEncoding = 4; lastKnownFileType = text.plist.xml; path = "GoogleService-Info.plist"; sourceTree = "<group>"; };
		C1E579CE29EC5AD000A6FEE7 /* TextField.swift */ = {isa = PBXFileReference; lastKnownFileType = sourcecode.swift; path = TextField.swift; sourceTree = "<group>"; };
		C1E579D529EC76F700A6FEE7 /* Button.swift */ = {isa = PBXFileReference; lastKnownFileType = sourcecode.swift; path = Button.swift; sourceTree = "<group>"; };
		C1E579D829EC7BA200A6FEE7 /* LoginView+TextField.swift */ = {isa = PBXFileReference; lastKnownFileType = sourcecode.swift; path = "LoginView+TextField.swift"; sourceTree = "<group>"; };
		C1E579DE29ECABD300A6FEE7 /* AppleAuthenticationUseCase.swift */ = {isa = PBXFileReference; lastKnownFileType = sourcecode.swift; path = AppleAuthenticationUseCase.swift; sourceTree = "<group>"; };
		C1E579E229ECAC0800A6FEE7 /* AppleAuthenticationUseCaseDelegate.swift */ = {isa = PBXFileReference; lastKnownFileType = sourcecode.swift; path = AppleAuthenticationUseCaseDelegate.swift; sourceTree = "<group>"; };
		C1E579EA29ECAD3900A6FEE7 /* EmailAuthenticationUseCase.swift */ = {isa = PBXFileReference; lastKnownFileType = sourcecode.swift; path = EmailAuthenticationUseCase.swift; sourceTree = "<group>"; };
		C1E579EC29ECAD4600A6FEE7 /* EmailAuthenticationUseCaseDelegate.swift */ = {isa = PBXFileReference; lastKnownFileType = sourcecode.swift; path = EmailAuthenticationUseCaseDelegate.swift; sourceTree = "<group>"; };
		C1E579F129ECAFB300A6FEE7 /* LoginAuthenticationUseCase.swift */ = {isa = PBXFileReference; lastKnownFileType = sourcecode.swift; path = LoginAuthenticationUseCase.swift; sourceTree = "<group>"; };
		C1E579F329ECAFD200A6FEE7 /* LoginAuthenticationUseCaseDelegate.swift */ = {isa = PBXFileReference; lastKnownFileType = sourcecode.swift; path = LoginAuthenticationUseCaseDelegate.swift; sourceTree = "<group>"; };
		C1E579F629ECB05C00A6FEE7 /* LoginTypeEnum.swift */ = {isa = PBXFileReference; lastKnownFileType = sourcecode.swift; path = LoginTypeEnum.swift; sourceTree = "<group>"; };
		C1E579F929ECB09C00A6FEE7 /* AppleAuthenticationUseCaseDTO.swift */ = {isa = PBXFileReference; lastKnownFileType = sourcecode.swift; path = AppleAuthenticationUseCaseDTO.swift; sourceTree = "<group>"; };
		C1E579FB29ECB0AD00A6FEE7 /* LoginAuthenticationUseCaseDTO.swift */ = {isa = PBXFileReference; lastKnownFileType = sourcecode.swift; path = LoginAuthenticationUseCaseDTO.swift; sourceTree = "<group>"; };
		C1E579FD29ECB7B700A6FEE7 /* EmailAuthenticationUseCaseDTO.swift */ = {isa = PBXFileReference; lastKnownFileType = sourcecode.swift; path = EmailAuthenticationUseCaseDTO.swift; sourceTree = "<group>"; };
		C1E57A0329ECBD0C00A6FEE7 /* User.swift */ = {isa = PBXFileReference; lastKnownFileType = sourcecode.swift; path = User.swift; sourceTree = "<group>"; };
		C1E57A0529ECBD7A00A6FEE7 /* LoginResult.swift */ = {isa = PBXFileReference; lastKnownFileType = sourcecode.swift; path = LoginResult.swift; sourceTree = "<group>"; };
		C1E57A0929ECC59700A6FEE7 /* FirebaseAuthRepository.swift */ = {isa = PBXFileReference; lastKnownFileType = sourcecode.swift; path = FirebaseAuthRepository.swift; sourceTree = "<group>"; };
		C1E57A0B29ECC5AE00A6FEE7 /* EmailRepositoryDelegate.swift */ = {isa = PBXFileReference; lastKnownFileType = sourcecode.swift; path = EmailRepositoryDelegate.swift; sourceTree = "<group>"; };
		C1E57A0F29ECCAD200A6FEE7 /* UIViewExtension.swift */ = {isa = PBXFileReference; lastKnownFileType = sourcecode.swift; path = UIViewExtension.swift; sourceTree = "<group>"; };
		C1E57A1229ECD6B100A6FEE7 /* LoginViewController+AppleAuthentication.swift */ = {isa = PBXFileReference; lastKnownFileType = sourcecode.swift; path = "LoginViewController+AppleAuthentication.swift"; sourceTree = "<group>"; };
		C1FE7D6129EB30B80069ED29 /* TestCase.app */ = {isa = PBXFileReference; explicitFileType = wrapper.application; includeInIndex = 0; path = TestCase.app; sourceTree = BUILT_PRODUCTS_DIR; };
		C1FE7D6429EB30B80069ED29 /* AppDelegate.swift */ = {isa = PBXFileReference; lastKnownFileType = sourcecode.swift; path = AppDelegate.swift; sourceTree = "<group>"; };
		C1FE7D6629EB30B80069ED29 /* SceneDelegate.swift */ = {isa = PBXFileReference; lastKnownFileType = sourcecode.swift; path = SceneDelegate.swift; sourceTree = "<group>"; };
		C1FE7D6E29EB30B80069ED29 /* TestCase.xcdatamodel */ = {isa = PBXFileReference; lastKnownFileType = wrapper.xcdatamodel; path = TestCase.xcdatamodel; sourceTree = "<group>"; };
		C1FE7D7029EB30BA0069ED29 /* Assets.xcassets */ = {isa = PBXFileReference; lastKnownFileType = folder.assetcatalog; path = Assets.xcassets; sourceTree = "<group>"; };
		C1FE7D7329EB30BA0069ED29 /* Base */ = {isa = PBXFileReference; lastKnownFileType = file.storyboard; name = Base; path = Base.lproj/LaunchScreen.storyboard; sourceTree = "<group>"; };
		C1FE7D7529EB30BA0069ED29 /* Info.plist */ = {isa = PBXFileReference; lastKnownFileType = text.plist.xml; path = Info.plist; sourceTree = "<group>"; };
		C1FE7D7D29EB32220069ED29 /* AppCoordinator.swift */ = {isa = PBXFileReference; lastKnownFileType = sourcecode.swift; path = AppCoordinator.swift; sourceTree = "<group>"; };
		C1FE7D8929EB33A70069ED29 /* LoginViewModel.swift */ = {isa = PBXFileReference; fileEncoding = 4; lastKnownFileType = sourcecode.swift; path = LoginViewModel.swift; sourceTree = "<group>"; };
		C1FE7D8B29EB33A70069ED29 /* LoginView.swift */ = {isa = PBXFileReference; fileEncoding = 4; lastKnownFileType = sourcecode.swift; path = LoginView.swift; sourceTree = "<group>"; };
		C1FE7D8D29EB33A70069ED29 /* LoginView+Layouts.swift */ = {isa = PBXFileReference; fileEncoding = 4; lastKnownFileType = sourcecode.swift; path = "LoginView+Layouts.swift"; sourceTree = "<group>"; };
		C1FE7D9029EB33A70069ED29 /* LoginViewModelDelegate.swift */ = {isa = PBXFileReference; fileEncoding = 4; lastKnownFileType = sourcecode.swift; path = LoginViewModelDelegate.swift; sourceTree = "<group>"; };
		C1FE7D9229EB33A70069ED29 /* LoginNavigationDelegate.swift */ = {isa = PBXFileReference; fileEncoding = 4; lastKnownFileType = sourcecode.swift; path = LoginNavigationDelegate.swift; sourceTree = "<group>"; };
		C1FE7D9429EB33A70069ED29 /* LoginViewDelegate.swift */ = {isa = PBXFileReference; fileEncoding = 4; lastKnownFileType = sourcecode.swift; path = LoginViewDelegate.swift; sourceTree = "<group>"; };
		C1FE7D9629EB33A70069ED29 /* LoginViewController.swift */ = {isa = PBXFileReference; fileEncoding = 4; lastKnownFileType = sourcecode.swift; path = LoginViewController.swift; sourceTree = "<group>"; };
		C1FE7D9829EB33A70069ED29 /* LoginViewController+UIStateView.swift */ = {isa = PBXFileReference; fileEncoding = 4; lastKnownFileType = sourcecode.swift; path = "LoginViewController+UIStateView.swift"; sourceTree = "<group>"; };
		C1FE7D9A29EB33A70069ED29 /* LoginViewController+Binds.swift */ = {isa = PBXFileReference; fileEncoding = 4; lastKnownFileType = sourcecode.swift; path = "LoginViewController+Binds.swift"; sourceTree = "<group>"; };
		C1FE7DA929EB34190069ED29 /* CustomViewController.swift */ = {isa = PBXFileReference; lastKnownFileType = sourcecode.swift; path = CustomViewController.swift; sourceTree = "<group>"; };
		C1FE7DAC29EB34A80069ED29 /* UIStateView.swift */ = {isa = PBXFileReference; lastKnownFileType = sourcecode.swift; path = UIStateView.swift; sourceTree = "<group>"; };
		C1FE7DAF29EB35F70069ED29 /* Binder.swift */ = {isa = PBXFileReference; lastKnownFileType = sourcecode.swift; path = Binder.swift; sourceTree = "<group>"; };
		C1FE7DB229EB3BE60069ED29 /* AppCoordinator+Login.swift */ = {isa = PBXFileReference; lastKnownFileType = sourcecode.swift; path = "AppCoordinator+Login.swift"; sourceTree = "<group>"; };
		C1FE7DB529EB3C430069ED29 /* AppCoordinator+Main.swift */ = {isa = PBXFileReference; lastKnownFileType = sourcecode.swift; path = "AppCoordinator+Main.swift"; sourceTree = "<group>"; };
		C1FE7DB829EB55400069ED29 /* Colors.swift */ = {isa = PBXFileReference; lastKnownFileType = sourcecode.swift; path = Colors.swift; sourceTree = "<group>"; };
		FA1DAD5A905286A447E90251 /* Pods-TestCase.debug.xcconfig */ = {isa = PBXFileReference; includeInIndex = 1; lastKnownFileType = text.xcconfig; name = "Pods-TestCase.debug.xcconfig"; path = "Target Support Files/Pods-TestCase/Pods-TestCase.debug.xcconfig"; sourceTree = "<group>"; };
/* End PBXFileReference section */

/* Begin PBXFrameworksBuildPhase section */
		C1FE7D5E29EB30B80069ED29 /* Frameworks */ = {
			isa = PBXFrameworksBuildPhase;
			buildActionMask = 2147483647;
			files = (
				769E5F03DBE2FAD8DDB23F1A /* Pods_TestCase.framework in Frameworks */,
			);
			runOnlyForDeploymentPostprocessing = 0;
		};
/* End PBXFrameworksBuildPhase section */

/* Begin PBXGroup section */
		024EA6B08E1AFBA520C803A3 /* Pods */ = {
			isa = PBXGroup;
			children = (
				FA1DAD5A905286A447E90251 /* Pods-TestCase.debug.xcconfig */,
				A619F51F1BD9CE5E7783E4C4 /* Pods-TestCase.release.xcconfig */,
			);
			path = Pods;
			sourceTree = "<group>";
		};
		C1052D2429ECDF70003FDFB7 /* Register */ = {
			isa = PBXGroup;
			children = (
				C1052D4429ECDF9C003FDFB7 /* Models */,
				C1052D2B29ECDF70003FDFB7 /* Delegates */,
				C1052D4129ECDF84003FDFB7 /* UseCases */,
				C1052D4D29ED6E87003FDFB7 /* Repositories */,
				C1052D2729ECDF70003FDFB7 /* View */,
				C1052D3229ECDF70003FDFB7 /* ViewController */,
				C1052D2529ECDF70003FDFB7 /* ViewModel */,
			);
			path = Register;
			sourceTree = "<group>";
		};
		C1052D2529ECDF70003FDFB7 /* ViewModel */ = {
			isa = PBXGroup;
			children = (
				C1052D2629ECDF70003FDFB7 /* RegisterViewModel.swift */,
			);
			path = ViewModel;
			sourceTree = "<group>";
		};
		C1052D2729ECDF70003FDFB7 /* View */ = {
			isa = PBXGroup;
			children = (
				C1052D2A29ECDF70003FDFB7 /* RegisterView.swift */,
				C1052D2829ECDF70003FDFB7 /* Layouts */,
				C1052D5A29ED7BF7003FDFB7 /* TextField */,
			);
			path = View;
			sourceTree = "<group>";
		};
		C1052D2829ECDF70003FDFB7 /* Layouts */ = {
			isa = PBXGroup;
			children = (
				C1052D2929ECDF70003FDFB7 /* RegisterView+Layouts.swift */,
			);
			path = Layouts;
			sourceTree = "<group>";
		};
		C1052D2B29ECDF70003FDFB7 /* Delegates */ = {
			isa = PBXGroup;
			children = (
				C1052D2E29ECDF70003FDFB7 /* Navigation */,
				C1052D3029ECDF70003FDFB7 /* View */,
				C1052D2C29ECDF70003FDFB7 /* ViewModel */,
			);
			path = Delegates;
			sourceTree = "<group>";
		};
		C1052D2C29ECDF70003FDFB7 /* ViewModel */ = {
			isa = PBXGroup;
			children = (
				C1052D2D29ECDF70003FDFB7 /* RegisterViewModelDelegate.swift */,
			);
			path = ViewModel;
			sourceTree = "<group>";
		};
		C1052D2E29ECDF70003FDFB7 /* Navigation */ = {
			isa = PBXGroup;
			children = (
				C1052D2F29ECDF70003FDFB7 /* RegisterNavigationDelegate.swift */,
			);
			path = Navigation;
			sourceTree = "<group>";
		};
		C1052D3029ECDF70003FDFB7 /* View */ = {
			isa = PBXGroup;
			children = (
				C1052D3129ECDF70003FDFB7 /* RegisterViewDelegate.swift */,
			);
			path = View;
			sourceTree = "<group>";
		};
		C1052D3229ECDF70003FDFB7 /* ViewController */ = {
			isa = PBXGroup;
			children = (
				C1052D3729ECDF70003FDFB7 /* RegisterViewController.swift */,
				C1052D3529ECDF70003FDFB7 /* Binds */,
				C1052D3329ECDF70003FDFB7 /* UIStateView */,
			);
			path = ViewController;
			sourceTree = "<group>";
		};
		C1052D3329ECDF70003FDFB7 /* UIStateView */ = {
			isa = PBXGroup;
			children = (
				C1052D3429ECDF70003FDFB7 /* RegisterViewController+UIStateView.swift */,
			);
			path = UIStateView;
			sourceTree = "<group>";
		};
		C1052D3529ECDF70003FDFB7 /* Binds */ = {
			isa = PBXGroup;
			children = (
				C1052D3629ECDF70003FDFB7 /* RegisterViewController+Binds.swift */,
			);
			path = Binds;
			sourceTree = "<group>";
		};
		C1052D4129ECDF84003FDFB7 /* UseCases */ = {
			isa = PBXGroup;
			children = (
				C1052D4229ECDF97003FDFB7 /* RegisterUseCase.swift */,
				C1052D4729ECDFDB003FDFB7 /* RegisterUseCaseDelegate.swift */,
			);
			path = UseCases;
			sourceTree = "<group>";
		};
		C1052D4429ECDF9C003FDFB7 /* Models */ = {
			isa = PBXGroup;
			children = (
				C1052D4529ECDFAF003FDFB7 /* RegisterUseCaseDTO.swift */,
				C1052D4929ECE018003FDFB7 /* RegisterResult.swift */,
			);
			path = Models;
			sourceTree = "<group>";
		};
		C1052D4D29ED6E87003FDFB7 /* Repositories */ = {
			isa = PBXGroup;
			children = (
				C1052D4E29ED6EBB003FDFB7 /* Register */,
			);
			path = Repositories;
			sourceTree = "<group>";
		};
		C1052D4E29ED6EBB003FDFB7 /* Register */ = {
			isa = PBXGroup;
			children = (
				C1052D4F29ED6EE0003FDFB7 /* RegisterRepositoryDelegate.swift */,
			);
			path = Register;
			sourceTree = "<group>";
		};
		C1052D5329ED6F2B003FDFB7 /* Repositories */ = {
			isa = PBXGroup;
			children = (
				C1052D5429ED6F39003FDFB7 /* FirebaseAuth */,
			);
			path = Repositories;
			sourceTree = "<group>";
		};
		C1052D5429ED6F39003FDFB7 /* FirebaseAuth */ = {
			isa = PBXGroup;
			children = (
				C1E57A0929ECC59700A6FEE7 /* FirebaseAuthRepository.swift */,
			);
			path = FirebaseAuth;
			sourceTree = "<group>";
		};
		C1052D5729ED7984003FDFB7 /* Register */ = {
			isa = PBXGroup;
			children = (
				C1052D5829ED7994003FDFB7 /* AppCoordinator+Register.swift */,
			);
			path = Register;
			sourceTree = "<group>";
		};
		C1052D5A29ED7BF7003FDFB7 /* TextField */ = {
			isa = PBXGroup;
			children = (
				C1052D5B29ED7C09003FDFB7 /* RegisterView+TextFieldDelegate.swift */,
			);
			path = TextField;
			sourceTree = "<group>";
		};
		C17C7A6329ED857200775A81 /* Main */ = {
			isa = PBXGroup;
			children = (
				C17C7AAA29EDB69200775A81 /* Components */,
				C17C7A6A29ED857200775A81 /* Delegates */,
				C17C7A8229ED86AD00775A81 /* Models */,
				C17C7A8D29ED8EFB00775A81 /* Repositories */,
				C17C7A8029ED867F00775A81 /* UseCases */,
				C17C7A6629ED857200775A81 /* View */,
				C17C7A7129ED857200775A81 /* ViewController */,
				C17C7A6429ED857200775A81 /* ViewModel */,
			);
			path = Main;
			sourceTree = "<group>";
		};
		C17C7A6429ED857200775A81 /* ViewModel */ = {
			isa = PBXGroup;
			children = (
				C17C7A6529ED857200775A81 /* MainViewModel.swift */,
			);
			path = ViewModel;
			sourceTree = "<group>";
		};
		C17C7A6629ED857200775A81 /* View */ = {
			isa = PBXGroup;
			children = (
				C17C7A6929ED857200775A81 /* MainView.swift */,
				C17C7A6729ED857200775A81 /* Layouts */,
			);
			path = View;
			sourceTree = "<group>";
		};
		C17C7A6729ED857200775A81 /* Layouts */ = {
			isa = PBXGroup;
			children = (
				C17C7A6829ED857200775A81 /* MainView+Layouts.swift */,
			);
			path = Layouts;
			sourceTree = "<group>";
		};
		C17C7A6A29ED857200775A81 /* Delegates */ = {
			isa = PBXGroup;
			children = (
				C17C7AAE29EDB72600775A81 /* Cell */,
				C17C7A6D29ED857200775A81 /* Navigation */,
				C17C7A6F29ED857200775A81 /* View */,
				C17C7A6B29ED857200775A81 /* ViewModel */,
			);
			path = Delegates;
			sourceTree = "<group>";
		};
		C17C7A6B29ED857200775A81 /* ViewModel */ = {
			isa = PBXGroup;
			children = (
				C17C7A6C29ED857200775A81 /* MainViewModelDelegate.swift */,
			);
			path = ViewModel;
			sourceTree = "<group>";
		};
		C17C7A6D29ED857200775A81 /* Navigation */ = {
			isa = PBXGroup;
			children = (
				C17C7A6E29ED857200775A81 /* MainNavigationDelegate.swift */,
			);
			path = Navigation;
			sourceTree = "<group>";
		};
		C17C7A6F29ED857200775A81 /* View */ = {
			isa = PBXGroup;
			children = (
				C17C7A7029ED857200775A81 /* MainViewDelegate.swift */,
			);
			path = View;
			sourceTree = "<group>";
		};
		C17C7A7129ED857200775A81 /* ViewController */ = {
			isa = PBXGroup;
			children = (
				C17C7A7229ED857200775A81 /* MainViewController.swift */,
				C17C7A7529ED857200775A81 /* Binds */,
				C17C7AA029EDB37E00775A81 /* CollectionDataSource */,
				C17C7AA329EDB3B600775A81 /* CollectionDelegate */,
				C17C7A7329ED857200775A81 /* UIStateView */,
			);
			path = ViewController;
			sourceTree = "<group>";
		};
		C17C7A7329ED857200775A81 /* UIStateView */ = {
			isa = PBXGroup;
			children = (
				C17C7A7429ED857200775A81 /* MainViewController+UIStateView.swift */,
			);
			path = UIStateView;
			sourceTree = "<group>";
		};
		C17C7A7529ED857200775A81 /* Binds */ = {
			isa = PBXGroup;
			children = (
				C17C7A7629ED857200775A81 /* MainViewController+Binds.swift */,
			);
			path = Binds;
			sourceTree = "<group>";
		};
		C17C7A8029ED867F00775A81 /* UseCases */ = {
			isa = PBXGroup;
			children = (
				C17C7AB729EE0A0C00775A81 /* DeleteWorkout */,
				C17C7A8129ED869300775A81 /* Workouts */,
			);
			path = UseCases;
			sourceTree = "<group>";
		};
		C17C7A8129ED869300775A81 /* Workouts */ = {
			isa = PBXGroup;
			children = (
				C17C7A8B29ED8EBB00775A81 /* WorkoutsUseCase.swift */,
				C17C7A8729ED8DC800775A81 /* WorkoutsUseCaseDelegate.swift */,
			);
			path = Workouts;
			sourceTree = "<group>";
		};
		C17C7A8229ED86AD00775A81 /* Models */ = {
			isa = PBXGroup;
			children = (
				C17C7A8329ED86C100775A81 /* Workout.swift */,
				C17C7A8929ED8DFB00775A81 /* WorkoutsUseCaseDTO.swift */,
				C17C7A8529ED88B600775A81 /* Exercise.swift */,
				C17C7ABA29EE0A4F00775A81 /* DeleteWorkoutUseCaseDTO.swift */,
			);
			path = Models;
			sourceTree = "<group>";
		};
		C17C7A8D29ED8EFB00775A81 /* Repositories */ = {
			isa = PBXGroup;
			children = (
				C17C7A8E29ED8F0900775A81 /* WorkoutsRepositoryDelegate.swift */,
				C17C7A9B29ED94A000775A81 /* WorkoutsFirestoreRepository.swift */,
			);
			path = Repositories;
			sourceTree = "<group>";
		};
		C17C7A9029ED8FC300775A81 /* Dictionary */ = {
			isa = PBXGroup;
			children = (
				C17C7A9129ED900400775A81 /* DictionaryExtensions.swift */,
			);
			path = Dictionary;
			sourceTree = "<group>";
		};
		C17C7A9329ED902000775A81 /* Data */ = {
			isa = PBXGroup;
			children = (
				C17C7A9429ED902700775A81 /* DataExtensions.swift */,
			);
			path = Data;
			sourceTree = "<group>";
		};
		C17C7A9629ED904500775A81 /* Encodable */ = {
			isa = PBXGroup;
			children = (
				C17C7A9729ED904F00775A81 /* EncodableExtensions.swift */,
			);
			path = Encodable;
			sourceTree = "<group>";
		};
		C17C7A9D29ED986700775A81 /* Array */ = {
			isa = PBXGroup;
			children = (
				C17C7A9E29ED987000775A81 /* ArrayExtensions.swift */,
			);
			path = Array;
			sourceTree = "<group>";
		};
		C17C7AA029EDB37E00775A81 /* CollectionDataSource */ = {
			isa = PBXGroup;
			children = (
				C17C7AA129EDB39D00775A81 /* MainViewController+CollectionDataSource.swift */,
			);
			path = CollectionDataSource;
			sourceTree = "<group>";
		};
		C17C7AA329EDB3B600775A81 /* CollectionDelegate */ = {
			isa = PBXGroup;
			children = (
				C17C7AA429EDB3C100775A81 /* MainViewController+CollectionDelegate.swift */,
			);
			path = CollectionDelegate;
			sourceTree = "<group>";
		};
		C17C7AA629EDB4CD00775A81 /* UICollectionView */ = {
			isa = PBXGroup;
			children = (
				C17C7AA729EDB4D900775A81 /* CollectionViewExtensions.swift */,
			);
			path = UICollectionView;
			sourceTree = "<group>";
		};
		C17C7AAA29EDB69200775A81 /* Components */ = {
			isa = PBXGroup;
			children = (
				C17C7AAB29EDB69900775A81 /* Cell */,
			);
			path = Components;
			sourceTree = "<group>";
		};
		C17C7AAB29EDB69900775A81 /* Cell */ = {
			isa = PBXGroup;
			children = (
				C17C7AAC29EDB6B800775A81 /* WorkoutCollectionViewCell.swift */,
				C17C7AB129EDB79200775A81 /* Layouts */,
			);
			path = Cell;
			sourceTree = "<group>";
		};
		C17C7AAE29EDB72600775A81 /* Cell */ = {
			isa = PBXGroup;
			children = (
				C17C7AAF29EDB72C00775A81 /* WorkoutCellDelegate.swift */,
			);
			path = Cell;
			sourceTree = "<group>";
		};
		C17C7AB129EDB79200775A81 /* Layouts */ = {
			isa = PBXGroup;
			children = (
				C17C7AB229EDB79E00775A81 /* WorkoutCollectionViewCell+Layouts.swift */,
			);
			path = Layouts;
			sourceTree = "<group>";
		};
		C17C7AB429EDB84100775A81 /* Label */ = {
			isa = PBXGroup;
			children = (
				C17C7AB529EDB85200775A81 /* Label.swift */,
			);
			path = Label;
			sourceTree = "<group>";
		};
		C17C7AB729EE0A0C00775A81 /* DeleteWorkout */ = {
			isa = PBXGroup;
			children = (
				C17C7AB829EE0A3000775A81 /* DeleteWorkoutUseCaseDelegate.swift */,
				C17C7ABC29EE0AFE00775A81 /* DeleteWorkoutUseCase.swift */,
			);
			path = DeleteWorkout;
			sourceTree = "<group>";
		};
		C1E579CD29EC5ABC00A6FEE7 /* TextField */ = {
			isa = PBXGroup;
			children = (
				C1E579CE29EC5AD000A6FEE7 /* TextField.swift */,
			);
			path = TextField;
			sourceTree = "<group>";
		};
		C1E579D129EC739100A6FEE7 /* Constants */ = {
			isa = PBXGroup;
			children = (
				C1052D5529ED7761003FDFB7 /* Constans.swift */,
			);
			path = Constants;
			sourceTree = "<group>";
		};
		C1E579D429EC76F000A6FEE7 /* Button */ = {
			isa = PBXGroup;
			children = (
				C1E579D529EC76F700A6FEE7 /* Button.swift */,
			);
			path = Button;
			sourceTree = "<group>";
		};
		C1E579D729EC7B9200A6FEE7 /* TextField */ = {
			isa = PBXGroup;
			children = (
				C1E579D829EC7BA200A6FEE7 /* LoginView+TextField.swift */,
			);
			path = TextField;
			sourceTree = "<group>";
		};
		C1E579DC29ECAB9000A6FEE7 /* UseCases */ = {
			isa = PBXGroup;
			children = (
				C1E579F029ECAFA000A6FEE7 /* LoginAuthentication */,
				C1E579DD29ECABA600A6FEE7 /* AppleAuthentication */,
				C1E579E929ECAD1E00A6FEE7 /* EmailAuthentication */,
			);
			path = UseCases;
			sourceTree = "<group>";
		};
		C1E579DD29ECABA600A6FEE7 /* AppleAuthentication */ = {
			isa = PBXGroup;
			children = (
				C1E579DE29ECABD300A6FEE7 /* AppleAuthenticationUseCase.swift */,
				C1E579E229ECAC0800A6FEE7 /* AppleAuthenticationUseCaseDelegate.swift */,
			);
			path = AppleAuthentication;
			sourceTree = "<group>";
		};
		C1E579E929ECAD1E00A6FEE7 /* EmailAuthentication */ = {
			isa = PBXGroup;
			children = (
				C1E579EA29ECAD3900A6FEE7 /* EmailAuthenticationUseCase.swift */,
				C1E579EC29ECAD4600A6FEE7 /* EmailAuthenticationUseCaseDelegate.swift */,
			);
			path = EmailAuthentication;
			sourceTree = "<group>";
		};
		C1E579F029ECAFA000A6FEE7 /* LoginAuthentication */ = {
			isa = PBXGroup;
			children = (
				C1E579F129ECAFB300A6FEE7 /* LoginAuthenticationUseCase.swift */,
				C1E579F329ECAFD200A6FEE7 /* LoginAuthenticationUseCaseDelegate.swift */,
			);
			path = LoginAuthentication;
			sourceTree = "<group>";
		};
		C1E579F529ECB05600A6FEE7 /* Enums */ = {
			isa = PBXGroup;
			children = (
				C1E579F629ECB05C00A6FEE7 /* LoginTypeEnum.swift */,
			);
			path = Enums;
			sourceTree = "<group>";
		};
		C1E579F829ECB08300A6FEE7 /* Models */ = {
			isa = PBXGroup;
			children = (
				C1E579F929ECB09C00A6FEE7 /* AppleAuthenticationUseCaseDTO.swift */,
				C1E579FB29ECB0AD00A6FEE7 /* LoginAuthenticationUseCaseDTO.swift */,
				C1E579FD29ECB7B700A6FEE7 /* EmailAuthenticationUseCaseDTO.swift */,
				C1E57A0529ECBD7A00A6FEE7 /* LoginResult.swift */,
			);
			path = Models;
			sourceTree = "<group>";
		};
		C1E57A0129ECBCFA00A6FEE7 /* Shared */ = {
			isa = PBXGroup;
			children = (
				C1FE7DA729EB34040069ED29 /* Components */,
				C1E57A0229ECBD0000A6FEE7 /* Models */,
				C1052D5329ED6F2B003FDFB7 /* Repositories */,
			);
			path = Shared;
			sourceTree = "<group>";
		};
		C1E57A0229ECBD0000A6FEE7 /* Models */ = {
			isa = PBXGroup;
			children = (
				C1E57A0329ECBD0C00A6FEE7 /* User.swift */,
				C1052D4B29ED69C4003FDFB7 /* AppError.swift */,
			);
			path = Models;
			sourceTree = "<group>";
		};
		C1E57A0729ECC58800A6FEE7 /* Repositories */ = {
			isa = PBXGroup;
			children = (
				C1E57A0829ECC58F00A6FEE7 /* Email */,
			);
			path = Repositories;
			sourceTree = "<group>";
		};
		C1E57A0829ECC58F00A6FEE7 /* Email */ = {
			isa = PBXGroup;
			children = (
				C1E57A0B29ECC5AE00A6FEE7 /* EmailRepositoryDelegate.swift */,
			);
			path = Email;
			sourceTree = "<group>";
		};
		C1E57A0D29ECCAC200A6FEE7 /* Extensions */ = {
			isa = PBXGroup;
			children = (
				C17C7A9D29ED986700775A81 /* Array */,
				C17C7A9629ED904500775A81 /* Encodable */,
				C17C7A9329ED902000775A81 /* Data */,
				C17C7A9029ED8FC300775A81 /* Dictionary */,
				C17C7AA629EDB4CD00775A81 /* UICollectionView */,
				C1E57A0E29ECCAC700A6FEE7 /* UIView */,
			);
			path = Extensions;
			sourceTree = "<group>";
		};
		C1E57A0E29ECCAC700A6FEE7 /* UIView */ = {
			isa = PBXGroup;
			children = (
				C1E57A0F29ECCAD200A6FEE7 /* UIViewExtension.swift */,
			);
			path = UIView;
			sourceTree = "<group>";
		};
		C1E57A1129ECD69B00A6FEE7 /* AppleAuthentication */ = {
			isa = PBXGroup;
			children = (
				C1E57A1229ECD6B100A6FEE7 /* LoginViewController+AppleAuthentication.swift */,
			);
			path = AppleAuthentication;
			sourceTree = "<group>";
		};
		C1FE7D5829EB30B80069ED29 = {
			isa = PBXGroup;
			children = (
				C1FE7D6329EB30B80069ED29 /* TestCase */,
				C1FE7D6229EB30B80069ED29 /* Products */,
				024EA6B08E1AFBA520C803A3 /* Pods */,
				E81EDEFA055F33F0E9275126 /* Frameworks */,
				C1E579C729EB5FED00A6FEE7 /* Podfile */,
				C17C7A9929ED919100775A81 /* swiftlint.yaml */,
			);
			sourceTree = "<group>";
		};
		C1FE7D6229EB30B80069ED29 /* Products */ = {
			isa = PBXGroup;
			children = (
				C1FE7D6129EB30B80069ED29 /* TestCase.app */,
			);
			name = Products;
			sourceTree = "<group>";
		};
		C1FE7D6329EB30B80069ED29 /* TestCase */ = {
			isa = PBXGroup;
			children = (
				C1E579CA29EB7CFE00A6FEE7 /* TestCase.entitlements */,
				C1FE7DA429EB33B20069ED29 /* App */,
				C1FE7DA529EB33D20069ED29 /* Screens */,
				C1E57A0129ECBCFA00A6FEE7 /* Shared */,
				C1E57A0D29ECCAC200A6FEE7 /* Extensions */,
				C1FE7DA629EB33FE0069ED29 /* Utilities */,
				C1FE7D7029EB30BA0069ED29 /* Assets.xcassets */,
				C1FE7D7229EB30BA0069ED29 /* LaunchScreen.storyboard */,
				C1FE7D7529EB30BA0069ED29 /* Info.plist */,
				C1E579CB29EC4A4800A6FEE7 /* GoogleService-Info.plist */,
				C1FE7D6D29EB30B80069ED29 /* TestCase.xcdatamodeld */,
			);
			path = TestCase;
			sourceTree = "<group>";
		};
		C1FE7D7B29EB32120069ED29 /* Coordinator */ = {
			isa = PBXGroup;
			children = (
				C1FE7D7D29EB32220069ED29 /* AppCoordinator.swift */,
				C1FE7DB129EB3BD20069ED29 /* Login */,
				C1052D5729ED7984003FDFB7 /* Register */,
				C1FE7DB429EB3C330069ED29 /* Main */,
			);
			path = Coordinator;
			sourceTree = "<group>";
		};
		C1FE7D8729EB33A70069ED29 /* Login */ = {
			isa = PBXGroup;
			children = (
				C1E579F529ECB05600A6FEE7 /* Enums */,
				C1E579F829ECB08300A6FEE7 /* Models */,
				C1FE7D8E29EB33A70069ED29 /* Delegates */,
				C1E579DC29ECAB9000A6FEE7 /* UseCases */,
				C1E57A0729ECC58800A6FEE7 /* Repositories */,
				C1FE7D8A29EB33A70069ED29 /* View */,
				C1FE7D9529EB33A70069ED29 /* ViewController */,
				C1FE7D8829EB33A70069ED29 /* ViewModel */,
			);
			path = Login;
			sourceTree = "<group>";
		};
		C1FE7D8829EB33A70069ED29 /* ViewModel */ = {
			isa = PBXGroup;
			children = (
				C1FE7D8929EB33A70069ED29 /* LoginViewModel.swift */,
			);
			path = ViewModel;
			sourceTree = "<group>";
		};
		C1FE7D8A29EB33A70069ED29 /* View */ = {
			isa = PBXGroup;
			children = (
				C1FE7D8B29EB33A70069ED29 /* LoginView.swift */,
				C1FE7D8C29EB33A70069ED29 /* Layouts */,
				C1E579D729EC7B9200A6FEE7 /* TextField */,
			);
			path = View;
			sourceTree = "<group>";
		};
		C1FE7D8C29EB33A70069ED29 /* Layouts */ = {
			isa = PBXGroup;
			children = (
				C1FE7D8D29EB33A70069ED29 /* LoginView+Layouts.swift */,
			);
			path = Layouts;
			sourceTree = "<group>";
		};
		C1FE7D8E29EB33A70069ED29 /* Delegates */ = {
			isa = PBXGroup;
			children = (
				C1FE7D9129EB33A70069ED29 /* Navigation */,
				C1FE7D9329EB33A70069ED29 /* View */,
				C1FE7D8F29EB33A70069ED29 /* ViewModel */,
			);
			path = Delegates;
			sourceTree = "<group>";
		};
		C1FE7D8F29EB33A70069ED29 /* ViewModel */ = {
			isa = PBXGroup;
			children = (
				C1FE7D9029EB33A70069ED29 /* LoginViewModelDelegate.swift */,
			);
			path = ViewModel;
			sourceTree = "<group>";
		};
		C1FE7D9129EB33A70069ED29 /* Navigation */ = {
			isa = PBXGroup;
			children = (
				C1FE7D9229EB33A70069ED29 /* LoginNavigationDelegate.swift */,
			);
			path = Navigation;
			sourceTree = "<group>";
		};
		C1FE7D9329EB33A70069ED29 /* View */ = {
			isa = PBXGroup;
			children = (
				C1FE7D9429EB33A70069ED29 /* LoginViewDelegate.swift */,
			);
			path = View;
			sourceTree = "<group>";
		};
		C1FE7D9529EB33A70069ED29 /* ViewController */ = {
			isa = PBXGroup;
			children = (
				C1FE7D9629EB33A70069ED29 /* LoginViewController.swift */,
				C1E57A1129ECD69B00A6FEE7 /* AppleAuthentication */,
				C1FE7D9929EB33A70069ED29 /* Binds */,
				C1FE7D9729EB33A70069ED29 /* UIStateView */,
			);
			path = ViewController;
			sourceTree = "<group>";
		};
		C1FE7D9729EB33A70069ED29 /* UIStateView */ = {
			isa = PBXGroup;
			children = (
				C1FE7D9829EB33A70069ED29 /* LoginViewController+UIStateView.swift */,
			);
			path = UIStateView;
			sourceTree = "<group>";
		};
		C1FE7D9929EB33A70069ED29 /* Binds */ = {
			isa = PBXGroup;
			children = (
				C1FE7D9A29EB33A70069ED29 /* LoginViewController+Binds.swift */,
			);
			path = Binds;
			sourceTree = "<group>";
		};
		C1FE7DA429EB33B20069ED29 /* App */ = {
			isa = PBXGroup;
			children = (
				C1FE7D6429EB30B80069ED29 /* AppDelegate.swift */,
				C1FE7D6629EB30B80069ED29 /* SceneDelegate.swift */,
				C1FE7D7B29EB32120069ED29 /* Coordinator */,
			);
			path = App;
			sourceTree = "<group>";
		};
		C1FE7DA529EB33D20069ED29 /* Screens */ = {
			isa = PBXGroup;
			children = (
				C1FE7D8729EB33A70069ED29 /* Login */,
				C1052D2429ECDF70003FDFB7 /* Register */,
				C17C7A6329ED857200775A81 /* Main */,
			);
			path = Screens;
			sourceTree = "<group>";
		};
		C1FE7DA629EB33FE0069ED29 /* Utilities */ = {
			isa = PBXGroup;
			children = (
				C1FE7DAE29EB35F20069ED29 /* Binder */,
				C1FE7DB729EB55350069ED29 /* Colors */,
				C1E579D129EC739100A6FEE7 /* Constants */,
				C1FE7DAB29EB349E0069ED29 /* UIStateView */,
			);
			path = Utilities;
			sourceTree = "<group>";
		};
		C1FE7DA729EB34040069ED29 /* Components */ = {
			isa = PBXGroup;
			children = (
				C1E579D429EC76F000A6FEE7 /* Button */,
				C1FE7DA829EB34080069ED29 /* CustomViewController */,
				C17C7AB429EDB84100775A81 /* Label */,
				C1E579CD29EC5ABC00A6FEE7 /* TextField */,
			);
			path = Components;
			sourceTree = "<group>";
		};
		C1FE7DA829EB34080069ED29 /* CustomViewController */ = {
			isa = PBXGroup;
			children = (
				C1FE7DA929EB34190069ED29 /* CustomViewController.swift */,
			);
			path = CustomViewController;
			sourceTree = "<group>";
		};
		C1FE7DAB29EB349E0069ED29 /* UIStateView */ = {
			isa = PBXGroup;
			children = (
				C1FE7DAC29EB34A80069ED29 /* UIStateView.swift */,
			);
			path = UIStateView;
			sourceTree = "<group>";
		};
		C1FE7DAE29EB35F20069ED29 /* Binder */ = {
			isa = PBXGroup;
			children = (
				C1FE7DAF29EB35F70069ED29 /* Binder.swift */,
			);
			path = Binder;
			sourceTree = "<group>";
		};
		C1FE7DB129EB3BD20069ED29 /* Login */ = {
			isa = PBXGroup;
			children = (
				C1FE7DB229EB3BE60069ED29 /* AppCoordinator+Login.swift */,
			);
			path = Login;
			sourceTree = "<group>";
		};
		C1FE7DB429EB3C330069ED29 /* Main */ = {
			isa = PBXGroup;
			children = (
				C1FE7DB529EB3C430069ED29 /* AppCoordinator+Main.swift */,
			);
			path = Main;
			sourceTree = "<group>";
		};
		C1FE7DB729EB55350069ED29 /* Colors */ = {
			isa = PBXGroup;
			children = (
				C1FE7DB829EB55400069ED29 /* Colors.swift */,
			);
			path = Colors;
			sourceTree = "<group>";
		};
		E81EDEFA055F33F0E9275126 /* Frameworks */ = {
			isa = PBXGroup;
			children = (
				2BE9D8CE5822586679E58517 /* Pods_TestCase.framework */,
			);
			name = Frameworks;
			sourceTree = "<group>";
		};
/* End PBXGroup section */

/* Begin PBXNativeTarget section */
		C1FE7D6029EB30B80069ED29 /* TestCase */ = {
			isa = PBXNativeTarget;
			buildConfigurationList = C1FE7D7829EB30BA0069ED29 /* Build configuration list for PBXNativeTarget "TestCase" */;
			buildPhases = (
				FA7E2D5941A386E089592323 /* [CP] Check Pods Manifest.lock */,
				C1FE7D5D29EB30B80069ED29 /* Sources */,
				C1FE7D5E29EB30B80069ED29 /* Frameworks */,
				C1FE7D5F29EB30B80069ED29 /* Resources */,
				019F304ADF7669418190BB25 /* [CP] Embed Pods Frameworks */,
				C1E579D029EC6B2000A6FEE7 /* SwiftLint */,
				C1E579C929EB607900A6FEE7 /* Crashlytics */,
			);
			buildRules = (
			);
			dependencies = (
			);
			name = TestCase;
			productName = TestCase;
			productReference = C1FE7D6129EB30B80069ED29 /* TestCase.app */;
			productType = "com.apple.product-type.application";
		};
/* End PBXNativeTarget section */

/* Begin PBXProject section */
		C1FE7D5929EB30B80069ED29 /* Project object */ = {
			isa = PBXProject;
			attributes = {
				BuildIndependentTargetsInParallel = 1;
				LastSwiftUpdateCheck = 1420;
				LastUpgradeCheck = 1420;
				TargetAttributes = {
					C1FE7D6029EB30B80069ED29 = {
						CreatedOnToolsVersion = 14.2;
					};
				};
			};
			buildConfigurationList = C1FE7D5C29EB30B80069ED29 /* Build configuration list for PBXProject "TestCase" */;
			compatibilityVersion = "Xcode 14.0";
			developmentRegion = en;
			hasScannedForEncodings = 0;
			knownRegions = (
				en,
				Base,
			);
			mainGroup = C1FE7D5829EB30B80069ED29;
			productRefGroup = C1FE7D6229EB30B80069ED29 /* Products */;
			projectDirPath = "";
			projectRoot = "";
			targets = (
				C1FE7D6029EB30B80069ED29 /* TestCase */,
			);
		};
/* End PBXProject section */

/* Begin PBXResourcesBuildPhase section */
		C1FE7D5F29EB30B80069ED29 /* Resources */ = {
			isa = PBXResourcesBuildPhase;
			buildActionMask = 2147483647;
			files = (
				C1FE7D7429EB30BA0069ED29 /* LaunchScreen.storyboard in Resources */,
				C17C7A9A29ED919100775A81 /* swiftlint.yaml in Resources */,
				C1E579CC29EC4A4800A6FEE7 /* GoogleService-Info.plist in Resources */,
				C1FE7D7129EB30BA0069ED29 /* Assets.xcassets in Resources */,
				C1E579C829EB5FED00A6FEE7 /* Podfile in Resources */,
			);
			runOnlyForDeploymentPostprocessing = 0;
		};
/* End PBXResourcesBuildPhase section */

/* Begin PBXShellScriptBuildPhase section */
		019F304ADF7669418190BB25 /* [CP] Embed Pods Frameworks */ = {
			isa = PBXShellScriptBuildPhase;
			buildActionMask = 2147483647;
			files = (
			);
			inputFileListPaths = (
				"${PODS_ROOT}/Target Support Files/Pods-TestCase/Pods-TestCase-frameworks-${CONFIGURATION}-input-files.xcfilelist",
			);
			name = "[CP] Embed Pods Frameworks";
			outputFileListPaths = (
				"${PODS_ROOT}/Target Support Files/Pods-TestCase/Pods-TestCase-frameworks-${CONFIGURATION}-output-files.xcfilelist",
			);
			runOnlyForDeploymentPostprocessing = 0;
			shellPath = /bin/sh;
			shellScript = "\"${PODS_ROOT}/Target Support Files/Pods-TestCase/Pods-TestCase-frameworks.sh\"\n";
			showEnvVarsInLog = 0;
		};
		C1E579C929EB607900A6FEE7 /* Crashlytics */ = {
			isa = PBXShellScriptBuildPhase;
			buildActionMask = 2147483647;
			files = (
			);
			inputFileListPaths = (
			);
			inputPaths = (
				"${DWARF_DSYM_FOLDER_PATH}/${DWARF_DSYM_FILE_NAME}/Contents/Resources/DWARF/${TARGET_NAME}",
				"$(SRCROOT)/$(BUILT_PRODUCTS_DIR)/$(INFOPLIST_PATH)",
			);
			name = Crashlytics;
			outputFileListPaths = (
			);
			outputPaths = (
			);
			runOnlyForDeploymentPostprocessing = 0;
			shellPath = /bin/sh;
			shellScript = "\"${PODS_ROOT}/FirebaseCrashlytics/run\"\n";
		};
		C1E579D029EC6B2000A6FEE7 /* SwiftLint */ = {
			isa = PBXShellScriptBuildPhase;
			buildActionMask = 2147483647;
			files = (
			);
			inputFileListPaths = (
			);
			inputPaths = (
			);
			name = SwiftLint;
			outputFileListPaths = (
			);
			outputPaths = (
			);
			runOnlyForDeploymentPostprocessing = 0;
			shellPath = /bin/sh;
			shellScript = "# Type a script or drag a script file from your workspace to insert its path.\nif which swiftlint > /dev/null; then\n  swiftlint --config swiftlint.yaml\nelse\n  echo \"warning: SwiftLint not installed, download from https://github.com/realm/SwiftLint\"\nfi\n";
		};
		FA7E2D5941A386E089592323 /* [CP] Check Pods Manifest.lock */ = {
			isa = PBXShellScriptBuildPhase;
			buildActionMask = 2147483647;
			files = (
			);
			inputFileListPaths = (
			);
			inputPaths = (
				"${PODS_PODFILE_DIR_PATH}/Podfile.lock",
				"${PODS_ROOT}/Manifest.lock",
			);
			name = "[CP] Check Pods Manifest.lock";
			outputFileListPaths = (
			);
			outputPaths = (
				"$(DERIVED_FILE_DIR)/Pods-TestCase-checkManifestLockResult.txt",
			);
			runOnlyForDeploymentPostprocessing = 0;
			shellPath = /bin/sh;
			shellScript = "diff \"${PODS_PODFILE_DIR_PATH}/Podfile.lock\" \"${PODS_ROOT}/Manifest.lock\" > /dev/null\nif [ $? != 0 ] ; then\n    # print error to STDERR\n    echo \"error: The sandbox is not in sync with the Podfile.lock. Run 'pod install' or update your CocoaPods installation.\" >&2\n    exit 1\nfi\n# This output is used by Xcode 'outputs' to avoid re-running this script phase.\necho \"SUCCESS\" > \"${SCRIPT_OUTPUT_FILE_0}\"\n";
			showEnvVarsInLog = 0;
		};
/* End PBXShellScriptBuildPhase section */

/* Begin PBXSourcesBuildPhase section */
		C1FE7D5D29EB30B80069ED29 /* Sources */ = {
			isa = PBXSourcesBuildPhase;
			buildActionMask = 2147483647;
			files = (
				C1E579F429ECAFD200A6FEE7 /* LoginAuthenticationUseCaseDelegate.swift in Sources */,
				C1E57A1329ECD6B100A6FEE7 /* LoginViewController+AppleAuthentication.swift in Sources */,
				C1052D4329ECDF97003FDFB7 /* RegisterUseCase.swift in Sources */,
				C17C7AB929EE0A3000775A81 /* DeleteWorkoutUseCaseDelegate.swift in Sources */,
				C1FE7DA129EB33A70069ED29 /* LoginViewController.swift in Sources */,
				C17C7AB329EDB79E00775A81 /* WorkoutCollectionViewCell+Layouts.swift in Sources */,
				C17C7A7C29ED857200775A81 /* MainViewDelegate.swift in Sources */,
				C1052D4629ECDFAF003FDFB7 /* RegisterUseCaseDTO.swift in Sources */,
				C1052D5929ED7994003FDFB7 /* AppCoordinator+Register.swift in Sources */,
				C1052D3A29ECDF70003FDFB7 /* RegisterView.swift in Sources */,
				C17C7AA229EDB39D00775A81 /* MainViewController+CollectionDataSource.swift in Sources */,
				C1052D5029ED6EE0003FDFB7 /* RegisterRepositoryDelegate.swift in Sources */,
				C1E579D629EC76F800A6FEE7 /* Button.swift in Sources */,
				C1E579EB29ECAD3900A6FEE7 /* EmailAuthenticationUseCase.swift in Sources */,
				C17C7A9229ED900400775A81 /* DictionaryExtensions.swift in Sources */,
				C1FE7DB929EB55400069ED29 /* Colors.swift in Sources */,
				C17C7A8629ED88B600775A81 /* Exercise.swift in Sources */,
				C1052D4C29ED69C4003FDFB7 /* AppError.swift in Sources */,
				C17C7ABD29EE0AFE00775A81 /* DeleteWorkoutUseCase.swift in Sources */,
				C1FE7DA329EB33A70069ED29 /* LoginViewController+Binds.swift in Sources */,
				C1E579CF29EC5AD000A6FEE7 /* TextField.swift in Sources */,
				C17C7A7A29ED857200775A81 /* MainViewModelDelegate.swift in Sources */,
				C17C7A8A29ED8DFB00775A81 /* WorkoutsUseCaseDTO.swift in Sources */,
				C1E579FC29ECB0AD00A6FEE7 /* LoginAuthenticationUseCaseDTO.swift in Sources */,
				C17C7A8429ED86C100775A81 /* Workout.swift in Sources */,
				C1052D3F29ECDF70003FDFB7 /* RegisterViewController+Binds.swift in Sources */,
				C17C7A8C29ED8EBB00775A81 /* WorkoutsUseCase.swift in Sources */,
				C1052D3929ECDF70003FDFB7 /* RegisterView+Layouts.swift in Sources */,
				C1052D3B29ECDF70003FDFB7 /* RegisterViewModelDelegate.swift in Sources */,
				C1E57A0A29ECC59700A6FEE7 /* FirebaseAuthRepository.swift in Sources */,
				C1FE7DB629EB3C430069ED29 /* AppCoordinator+Main.swift in Sources */,
				C17C7AA829EDB4D900775A81 /* CollectionViewExtensions.swift in Sources */,
				C1052D3829ECDF70003FDFB7 /* RegisterViewModel.swift in Sources */,
				C1E579FE29ECB7B700A6FEE7 /* EmailAuthenticationUseCaseDTO.swift in Sources */,
				C17C7A8F29ED8F0900775A81 /* WorkoutsRepositoryDelegate.swift in Sources */,
				C1FE7D9F29EB33A70069ED29 /* LoginNavigationDelegate.swift in Sources */,
				C1E579E329ECAC0800A6FEE7 /* AppleAuthenticationUseCaseDelegate.swift in Sources */,
				C1E57A0429ECBD0C00A6FEE7 /* User.swift in Sources */,
				C1FE7DB329EB3BE60069ED29 /* AppCoordinator+Login.swift in Sources */,
				C17C7AB029EDB72C00775A81 /* WorkoutCellDelegate.swift in Sources */,
				C1FE7D9C29EB33A70069ED29 /* LoginView.swift in Sources */,
				C1052D5629ED7761003FDFB7 /* Constans.swift in Sources */,
				C1E579ED29ECAD4600A6FEE7 /* EmailAuthenticationUseCaseDelegate.swift in Sources */,
				C1E579F229ECAFB300A6FEE7 /* LoginAuthenticationUseCase.swift in Sources */,
				C1FE7D9E29EB33A70069ED29 /* LoginViewModelDelegate.swift in Sources */,
				C1E579DF29ECABD300A6FEE7 /* AppleAuthenticationUseCase.swift in Sources */,
				C17C7A7729ED857200775A81 /* MainViewModel.swift in Sources */,
				C1FE7DAD29EB34A80069ED29 /* UIStateView.swift in Sources */,
				C17C7AAD29EDB6B800775A81 /* WorkoutCollectionViewCell.swift in Sources */,
				C17C7ABB29EE0A4F00775A81 /* DeleteWorkoutUseCaseDTO.swift in Sources */,
				C1052D4029ECDF70003FDFB7 /* RegisterViewController.swift in Sources */,
				C17C7AA529EDB3C100775A81 /* MainViewController+CollectionDelegate.swift in Sources */,
				C17C7A7B29ED857200775A81 /* MainNavigationDelegate.swift in Sources */,
				C1E579D929EC7BA200A6FEE7 /* LoginView+TextField.swift in Sources */,
				C1052D4A29ECE018003FDFB7 /* RegisterResult.swift in Sources */,
				C17C7A7E29ED857200775A81 /* MainViewController+UIStateView.swift in Sources */,
				C1FE7D9D29EB33A70069ED29 /* LoginView+Layouts.swift in Sources */,
				C1FE7D6F29EB30B80069ED29 /* TestCase.xcdatamodeld in Sources */,
				C17C7A7D29ED857200775A81 /* MainViewController.swift in Sources */,
				C1E57A0629ECBD7A00A6FEE7 /* LoginResult.swift in Sources */,
				C1FE7DA229EB33A70069ED29 /* LoginViewController+UIStateView.swift in Sources */,
				C1FE7DB029EB35F70069ED29 /* Binder.swift in Sources */,
				C1FE7D9B29EB33A70069ED29 /* LoginViewModel.swift in Sources */,
				C17C7A7929ED857200775A81 /* MainView.swift in Sources */,
				C17C7AB629EDB85200775A81 /* Label.swift in Sources */,
				C1052D3D29ECDF70003FDFB7 /* RegisterViewDelegate.swift in Sources */,
				C1E579F729ECB05C00A6FEE7 /* LoginTypeEnum.swift in Sources */,
				C1052D3E29ECDF70003FDFB7 /* RegisterViewController+UIStateView.swift in Sources */,
				C17C7A9529ED902700775A81 /* DataExtensions.swift in Sources */,
				C17C7A9F29ED987000775A81 /* ArrayExtensions.swift in Sources */,
				C1052D4829ECDFDB003FDFB7 /* RegisterUseCaseDelegate.swift in Sources */,
				C17C7A7829ED857200775A81 /* MainView+Layouts.swift in Sources */,
				C1FE7DA029EB33A70069ED29 /* LoginViewDelegate.swift in Sources */,
				C1E579FA29ECB09C00A6FEE7 /* AppleAuthenticationUseCaseDTO.swift in Sources */,
				C1E57A1029ECCAD200A6FEE7 /* UIViewExtension.swift in Sources */,
				C1052D3C29ECDF70003FDFB7 /* RegisterNavigationDelegate.swift in Sources */,
				C1FE7D7E29EB32220069ED29 /* AppCoordinator.swift in Sources */,
				C1FE7DAA29EB34190069ED29 /* CustomViewController.swift in Sources */,
				C17C7A9829ED904F00775A81 /* EncodableExtensions.swift in Sources */,
				C1FE7D6529EB30B80069ED29 /* AppDelegate.swift in Sources */,
				C17C7A7F29ED857200775A81 /* MainViewController+Binds.swift in Sources */,
				C1E57A0C29ECC5AE00A6FEE7 /* EmailRepositoryDelegate.swift in Sources */,
				C1052D5C29ED7C09003FDFB7 /* RegisterView+TextFieldDelegate.swift in Sources */,
				C17C7A8829ED8DC800775A81 /* WorkoutsUseCaseDelegate.swift in Sources */,
				C17C7A9C29ED94A000775A81 /* WorkoutsFirestoreRepository.swift in Sources */,
				C1FE7D6729EB30B80069ED29 /* SceneDelegate.swift in Sources */,
			);
			runOnlyForDeploymentPostprocessing = 0;
		};
/* End PBXSourcesBuildPhase section */

/* Begin PBXVariantGroup section */
		C1FE7D7229EB30BA0069ED29 /* LaunchScreen.storyboard */ = {
			isa = PBXVariantGroup;
			children = (
				C1FE7D7329EB30BA0069ED29 /* Base */,
			);
			name = LaunchScreen.storyboard;
			sourceTree = "<group>";
		};
/* End PBXVariantGroup section */

/* Begin XCBuildConfiguration section */
		C1FE7D7629EB30BA0069ED29 /* Debug */ = {
			isa = XCBuildConfiguration;
			buildSettings = {
				ALWAYS_SEARCH_USER_PATHS = NO;
				CLANG_ANALYZER_NONNULL = YES;
				CLANG_ANALYZER_NUMBER_OBJECT_CONVERSION = YES_AGGRESSIVE;
				CLANG_CXX_LANGUAGE_STANDARD = "gnu++20";
				CLANG_ENABLE_MODULES = YES;
				CLANG_ENABLE_OBJC_ARC = YES;
				CLANG_ENABLE_OBJC_WEAK = YES;
				CLANG_WARN_BLOCK_CAPTURE_AUTORELEASING = YES;
				CLANG_WARN_BOOL_CONVERSION = YES;
				CLANG_WARN_COMMA = YES;
				CLANG_WARN_CONSTANT_CONVERSION = YES;
				CLANG_WARN_DEPRECATED_OBJC_IMPLEMENTATIONS = YES;
				CLANG_WARN_DIRECT_OBJC_ISA_USAGE = YES_ERROR;
				CLANG_WARN_DOCUMENTATION_COMMENTS = YES;
				CLANG_WARN_EMPTY_BODY = YES;
				CLANG_WARN_ENUM_CONVERSION = YES;
				CLANG_WARN_INFINITE_RECURSION = YES;
				CLANG_WARN_INT_CONVERSION = YES;
				CLANG_WARN_NON_LITERAL_NULL_CONVERSION = YES;
				CLANG_WARN_OBJC_IMPLICIT_RETAIN_SELF = YES;
				CLANG_WARN_OBJC_LITERAL_CONVERSION = YES;
				CLANG_WARN_OBJC_ROOT_CLASS = YES_ERROR;
				CLANG_WARN_QUOTED_INCLUDE_IN_FRAMEWORK_HEADER = YES;
				CLANG_WARN_RANGE_LOOP_ANALYSIS = YES;
				CLANG_WARN_STRICT_PROTOTYPES = YES;
				CLANG_WARN_SUSPICIOUS_MOVE = YES;
				CLANG_WARN_UNGUARDED_AVAILABILITY = YES_AGGRESSIVE;
				CLANG_WARN_UNREACHABLE_CODE = YES;
				CLANG_WARN__DUPLICATE_METHOD_MATCH = YES;
				COPY_PHASE_STRIP = NO;
				DEBUG_INFORMATION_FORMAT = dwarf;
				ENABLE_STRICT_OBJC_MSGSEND = YES;
				ENABLE_TESTABILITY = YES;
				GCC_C_LANGUAGE_STANDARD = gnu11;
				GCC_DYNAMIC_NO_PIC = NO;
				GCC_NO_COMMON_BLOCKS = YES;
				GCC_OPTIMIZATION_LEVEL = 0;
				GCC_PREPROCESSOR_DEFINITIONS = (
					"DEBUG=1",
					"$(inherited)",
				);
				GCC_WARN_64_TO_32_BIT_CONVERSION = YES;
				GCC_WARN_ABOUT_RETURN_TYPE = YES_ERROR;
				GCC_WARN_UNDECLARED_SELECTOR = YES;
				GCC_WARN_UNINITIALIZED_AUTOS = YES_AGGRESSIVE;
				GCC_WARN_UNUSED_FUNCTION = YES;
				GCC_WARN_UNUSED_VARIABLE = YES;
				IPHONEOS_DEPLOYMENT_TARGET = 16.2;
				MTL_ENABLE_DEBUG_INFO = INCLUDE_SOURCE;
				MTL_FAST_MATH = YES;
				ONLY_ACTIVE_ARCH = YES;
				SDKROOT = iphoneos;
				SWIFT_ACTIVE_COMPILATION_CONDITIONS = DEBUG;
				SWIFT_OPTIMIZATION_LEVEL = "-Onone";
			};
			name = Debug;
		};
		C1FE7D7729EB30BA0069ED29 /* Release */ = {
			isa = XCBuildConfiguration;
			buildSettings = {
				ALWAYS_SEARCH_USER_PATHS = NO;
				CLANG_ANALYZER_NONNULL = YES;
				CLANG_ANALYZER_NUMBER_OBJECT_CONVERSION = YES_AGGRESSIVE;
				CLANG_CXX_LANGUAGE_STANDARD = "gnu++20";
				CLANG_ENABLE_MODULES = YES;
				CLANG_ENABLE_OBJC_ARC = YES;
				CLANG_ENABLE_OBJC_WEAK = YES;
				CLANG_WARN_BLOCK_CAPTURE_AUTORELEASING = YES;
				CLANG_WARN_BOOL_CONVERSION = YES;
				CLANG_WARN_COMMA = YES;
				CLANG_WARN_CONSTANT_CONVERSION = YES;
				CLANG_WARN_DEPRECATED_OBJC_IMPLEMENTATIONS = YES;
				CLANG_WARN_DIRECT_OBJC_ISA_USAGE = YES_ERROR;
				CLANG_WARN_DOCUMENTATION_COMMENTS = YES;
				CLANG_WARN_EMPTY_BODY = YES;
				CLANG_WARN_ENUM_CONVERSION = YES;
				CLANG_WARN_INFINITE_RECURSION = YES;
				CLANG_WARN_INT_CONVERSION = YES;
				CLANG_WARN_NON_LITERAL_NULL_CONVERSION = YES;
				CLANG_WARN_OBJC_IMPLICIT_RETAIN_SELF = YES;
				CLANG_WARN_OBJC_LITERAL_CONVERSION = YES;
				CLANG_WARN_OBJC_ROOT_CLASS = YES_ERROR;
				CLANG_WARN_QUOTED_INCLUDE_IN_FRAMEWORK_HEADER = YES;
				CLANG_WARN_RANGE_LOOP_ANALYSIS = YES;
				CLANG_WARN_STRICT_PROTOTYPES = YES;
				CLANG_WARN_SUSPICIOUS_MOVE = YES;
				CLANG_WARN_UNGUARDED_AVAILABILITY = YES_AGGRESSIVE;
				CLANG_WARN_UNREACHABLE_CODE = YES;
				CLANG_WARN__DUPLICATE_METHOD_MATCH = YES;
				COPY_PHASE_STRIP = NO;
				DEBUG_INFORMATION_FORMAT = "dwarf-with-dsym";
				ENABLE_NS_ASSERTIONS = NO;
				ENABLE_STRICT_OBJC_MSGSEND = YES;
				GCC_C_LANGUAGE_STANDARD = gnu11;
				GCC_NO_COMMON_BLOCKS = YES;
				GCC_WARN_64_TO_32_BIT_CONVERSION = YES;
				GCC_WARN_ABOUT_RETURN_TYPE = YES_ERROR;
				GCC_WARN_UNDECLARED_SELECTOR = YES;
				GCC_WARN_UNINITIALIZED_AUTOS = YES_AGGRESSIVE;
				GCC_WARN_UNUSED_FUNCTION = YES;
				GCC_WARN_UNUSED_VARIABLE = YES;
				IPHONEOS_DEPLOYMENT_TARGET = 16.2;
				MTL_ENABLE_DEBUG_INFO = NO;
				MTL_FAST_MATH = YES;
				SDKROOT = iphoneos;
				SWIFT_COMPILATION_MODE = wholemodule;
				SWIFT_OPTIMIZATION_LEVEL = "-O";
				VALIDATE_PRODUCT = YES;
			};
			name = Release;
		};
		C1FE7D7929EB30BA0069ED29 /* Debug */ = {
			isa = XCBuildConfiguration;
			baseConfigurationReference = FA1DAD5A905286A447E90251 /* Pods-TestCase.debug.xcconfig */;
			buildSettings = {
				ASSETCATALOG_COMPILER_APPICON_NAME = AppIcon;
				ASSETCATALOG_COMPILER_GLOBAL_ACCENT_COLOR_NAME = AccentColor;
				CODE_SIGN_ENTITLEMENTS = TestCase/TestCase.entitlements;
				CODE_SIGN_STYLE = Automatic;
				CURRENT_PROJECT_VERSION = 1;
				DEBUG_INFORMATION_FORMAT = "dwarf-with-dsym";
				GENERATE_INFOPLIST_FILE = YES;
				INFOPLIST_FILE = TestCase/Info.plist;
				INFOPLIST_KEY_CFBundleDisplayName = Workouts;
				INFOPLIST_KEY_UILaunchStoryboardName = LaunchScreen;
				INFOPLIST_KEY_UIStatusBarStyle = UIStatusBarStyleLightContent;
				INFOPLIST_KEY_UISupportedInterfaceOrientations = UIInterfaceOrientationPortrait;
				IPHONEOS_DEPLOYMENT_TARGET = 16.2;
				LD_RUNPATH_SEARCH_PATHS = (
					"$(inherited)",
					"@executable_path/Frameworks",
				);
				MARKETING_VERSION = 1.0.0;
				PRODUCT_BUNDLE_IDENTIFIER = br.com.hennrich.TestCase;
				PRODUCT_NAME = "$(TARGET_NAME)";
				SUPPORTED_PLATFORMS = "iphoneos iphonesimulator";
				SUPPORTS_MACCATALYST = NO;
				SUPPORTS_MAC_DESIGNED_FOR_IPHONE_IPAD = YES;
				SWIFT_EMIT_LOC_STRINGS = YES;
				SWIFT_VERSION = 5.0;
				TARGETED_DEVICE_FAMILY = 1;
			};
			name = Debug;
		};
		C1FE7D7A29EB30BA0069ED29 /* Release */ = {
			isa = XCBuildConfiguration;
			baseConfigurationReference = A619F51F1BD9CE5E7783E4C4 /* Pods-TestCase.release.xcconfig */;
			buildSettings = {
				ASSETCATALOG_COMPILER_APPICON_NAME = AppIcon;
				ASSETCATALOG_COMPILER_GLOBAL_ACCENT_COLOR_NAME = AccentColor;
				CODE_SIGN_ENTITLEMENTS = TestCase/TestCase.entitlements;
				CODE_SIGN_STYLE = Automatic;
				CURRENT_PROJECT_VERSION = 1;
				GENERATE_INFOPLIST_FILE = YES;
				INFOPLIST_FILE = TestCase/Info.plist;
				INFOPLIST_KEY_CFBundleDisplayName = Workouts;
				INFOPLIST_KEY_UILaunchStoryboardName = LaunchScreen;
				INFOPLIST_KEY_UIStatusBarStyle = UIStatusBarStyleLightContent;
				INFOPLIST_KEY_UISupportedInterfaceOrientations = UIInterfaceOrientationPortrait;
				IPHONEOS_DEPLOYMENT_TARGET = 16.2;
				LD_RUNPATH_SEARCH_PATHS = (
					"$(inherited)",
					"@executable_path/Frameworks",
				);
				MARKETING_VERSION = 1.0.0;
				PRODUCT_BUNDLE_IDENTIFIER = br.com.hennrich.TestCase;
				PRODUCT_NAME = "$(TARGET_NAME)";
				SUPPORTED_PLATFORMS = "iphoneos iphonesimulator";
				SUPPORTS_MACCATALYST = NO;
				SUPPORTS_MAC_DESIGNED_FOR_IPHONE_IPAD = YES;
				SWIFT_EMIT_LOC_STRINGS = YES;
				SWIFT_VERSION = 5.0;
				TARGETED_DEVICE_FAMILY = 1;
			};
			name = Release;
		};
/* End XCBuildConfiguration section */

/* Begin XCConfigurationList section */
		C1FE7D5C29EB30B80069ED29 /* Build configuration list for PBXProject "TestCase" */ = {
			isa = XCConfigurationList;
			buildConfigurations = (
				C1FE7D7629EB30BA0069ED29 /* Debug */,
				C1FE7D7729EB30BA0069ED29 /* Release */,
			);
			defaultConfigurationIsVisible = 0;
			defaultConfigurationName = Release;
		};
		C1FE7D7829EB30BA0069ED29 /* Build configuration list for PBXNativeTarget "TestCase" */ = {
			isa = XCConfigurationList;
			buildConfigurations = (
				C1FE7D7929EB30BA0069ED29 /* Debug */,
				C1FE7D7A29EB30BA0069ED29 /* Release */,
			);
			defaultConfigurationIsVisible = 0;
			defaultConfigurationName = Release;
		};
/* End XCConfigurationList section */

/* Begin XCVersionGroup section */
		C1FE7D6D29EB30B80069ED29 /* TestCase.xcdatamodeld */ = {
			isa = XCVersionGroup;
			children = (
				C1FE7D6E29EB30B80069ED29 /* TestCase.xcdatamodel */,
			);
			currentVersion = C1FE7D6E29EB30B80069ED29 /* TestCase.xcdatamodel */;
			path = TestCase.xcdatamodeld;
			sourceTree = "<group>";
			versionGroupType = wrapper.xcdatamodel;
		};
/* End XCVersionGroup section */
	};
	rootObject = C1FE7D5929EB30B80069ED29 /* Project object */;
}
